# THIS IS AN AUTOGENERATED FILE. DO NOT EDIT THIS FILE DIRECTLY.
# yarn lockfile v1


"@mdx-js/mdx@2.0.0-rc.1":
  version "2.0.0-rc.1"
  resolved "https://registry.yarnpkg.com/@mdx-js/mdx/-/mdx-2.0.0-rc.1.tgz#ae0e8ce3499dac5cffff1d4cef57dc9cefba67e5"
  integrity sha512-RMq9uNEDD0XfLcshTeiFX+jkbOyqZucodVDM6xg/mZtLiVeJyz+7K5URpRViWUG97F553mEdyLk/9v9cr4+0DA==
  dependencies:
    "@types/estree-jsx" "^0.0.1"
    "@types/mdx" "^2.0.0"
    astring "^1.6.0"
    estree-util-build-jsx "^2.0.0"
    estree-util-is-identifier-name "^2.0.0"
    estree-walker "^3.0.0"
    hast-util-to-estree "^2.0.0"
    markdown-extensions "^1.0.0"
    periscopic "^3.0.0"
    remark-mdx "^2.0.0-rc.1"
    remark-parse "^10.0.0"
    remark-rehype "^10.0.0"
    unified "^10.0.0"
    unist-util-position-from-estree "^1.0.0"
    unist-util-stringify-position "^3.0.0"
    unist-util-visit "^4.0.0"
    vfile "^5.0.0"

"@types/acorn@^4.0.0":
  version "4.0.6"
  resolved "https://registry.yarnpkg.com/@types/acorn/-/acorn-4.0.6.tgz#d61ca5480300ac41a7d973dd5b84d0a591154a22"
  integrity sha512-veQTnWP+1D/xbxVrPC3zHnCZRjSrKfhbMUlEA43iMZLu7EsnTtkJklIuwrCPbOi8YkvDQAiW05VQQFvvz9oieQ==
  dependencies:
    "@types/estree" "*"

"@types/debug@^4.0.0":
  version "4.1.7"
  resolved "https://registry.yarnpkg.com/@types/debug/-/debug-4.1.7.tgz#7cc0ea761509124709b8b2d1090d8f6c17aadb82"
  integrity sha512-9AonUzyTjXXhEOa0DnqpzZi6VHlqKMswga9EXjpXnnqxwLtdvPPtlO8evrI5D9S6asFRCQ6v+wpiUKbw+vKqyg==
  dependencies:
    "@types/ms" "*"

"@types/estree-jsx@^0.0.1":
  version "0.0.1"
  resolved "https://registry.yarnpkg.com/@types/estree-jsx/-/estree-jsx-0.0.1.tgz#c36d7a1afeb47a95a8ee0b7bc8bc705db38f919d"
  integrity sha512-gcLAYiMfQklDCPjQegGn0TBAn9it05ISEsEhlKQUddIk7o2XDokOcTN7HBO8tznM0D9dGezvHEfRZBfZf6me0A==
  dependencies:
    "@types/estree" "*"

"@types/estree@*", "@types/estree@^0.0.50":
  version "0.0.50"
  resolved "https://registry.yarnpkg.com/@types/estree/-/estree-0.0.50.tgz#1e0caa9364d3fccd2931c3ed96fdbeaa5d4cca83"
  integrity sha512-C6N5s2ZFtuZRj54k2/zyRhNDjJwwcViAM3Nbm8zjBpbqAdZ00mr0CFxvSKeO8Y/e03WVFLpQMdHYVfUd6SB+Hw==

"@types/estree@^0.0.46":
  version "0.0.46"
  resolved "https://registry.yarnpkg.com/@types/estree/-/estree-0.0.46.tgz#0fb6bfbbeabd7a30880504993369c4bf1deab1fe"
  integrity sha512-laIjwTQaD+5DukBZaygQ79K1Z0jb1bPEMRrkXSLjtCcZm+abyp5YbrqpSLzD42FwWW6gK/aS4NYpJ804nG2brg==

"@types/hast@^2.0.0":
  version "2.3.4"
  resolved "https://registry.yarnpkg.com/@types/hast/-/hast-2.3.4.tgz#8aa5ef92c117d20d974a82bdfb6a648b08c0bafc"
  integrity sha512-wLEm0QvaoawEDoTRwzTXp4b4jpwiJDvR5KMnFnVodm3scufTlBOWRD6N1OBf9TZMhjlNsSfcO5V+7AF4+Vy+9g==
  dependencies:
    "@types/unist" "*"

"@types/mdast@^3.0.0":
  version "3.0.10"
  resolved "https://registry.yarnpkg.com/@types/mdast/-/mdast-3.0.10.tgz#4724244a82a4598884cbbe9bcfd73dff927ee8af"
  integrity sha512-W864tg/Osz1+9f4lrGTZpCSO5/z4608eUp19tbozkq2HJK6i3z1kT0H9tlADXuYIb1YYOBByU4Jsqkk75q48qA==
  dependencies:
    "@types/unist" "*"

"@types/mdurl@^1.0.0":
  version "1.0.2"
  resolved "https://registry.yarnpkg.com/@types/mdurl/-/mdurl-1.0.2.tgz#e2ce9d83a613bacf284c7be7d491945e39e1f8e9"
  integrity sha512-eC4U9MlIcu2q0KQmXszyn5Akca/0jrQmwDRgpAMJai7qBWq4amIQhZyNau4VYGtCeALvW1/NtjzJJ567aZxfKA==

"@types/mdx@^2.0.0":
  version "2.0.1"
  resolved "https://registry.yarnpkg.com/@types/mdx/-/mdx-2.0.1.tgz#e4c05d355d092d7b58db1abfe460e53f41102ac8"
  integrity sha512-JPEv4iAl0I+o7g8yVWDwk30es8mfVrjkvh5UeVR2sYPpZCK44vrAPsbJpIS+rJAUxLgaSAMKTEH5Vn5qd9XsrQ==

"@types/ms@*":
  version "0.7.31"
  resolved "https://registry.yarnpkg.com/@types/ms/-/ms-0.7.31.tgz#31b7ca6407128a3d2bbc27fe2d21b345397f6197"
  integrity sha512-iiUgKzV9AuaEkZqkOLDIvlQiL6ltuZd9tGcW3gwpnX8JbuiuhFlEGmmFXEXkN50Cvq7Os88IY2v0dkDqXYWVgA==

"@types/unist@*", "@types/unist@^2.0.0":
  version "2.0.6"
  resolved "https://registry.yarnpkg.com/@types/unist/-/unist-2.0.6.tgz#250a7b16c3b91f672a24552ec64678eeb1d3a08d"
  integrity sha512-PBjIUxZHOuj0R15/xuwJYjFi+KZdNFrehocChv4g5hu6aFroHue8m0lBP0POdK2nKzbw0cgV1mws8+V/JAcEkQ==

acorn-jsx@^5.0.0:
  version "5.3.2"
  resolved "https://registry.yarnpkg.com/acorn-jsx/-/acorn-jsx-5.3.2.tgz#7ed5bb55908b3b2f1bc55c6af1653bada7f07937"
  integrity sha512-rq9s+JNhf0IChjtDXxllJ7g41oZk5SlXtp0LHwyA5cejwn7vKmKp4pPri6YEePv2PU65sAsegbXtIinmDFDXgQ==

acorn@^8.0.0:
  version "8.5.0"
  resolved "https://registry.yarnpkg.com/acorn/-/acorn-8.5.0.tgz#4512ccb99b3698c752591e9bb4472e38ad43cee2"
  integrity sha512-yXbYeFy+jUuYd3/CDcg2NkIYE991XYX/bje7LmjJigUciaeO1JR4XxXgCIV1/Zc/dRuFEyw1L0pbA+qynJkW5Q==

astring@^1.6.0:
  version "1.7.5"
  resolved "https://registry.yarnpkg.com/astring/-/astring-1.7.5.tgz#a7d47fceaf32b052d33a3d07c511efeec67447ca"
  integrity sha512-lobf6RWXb8c4uZ7Mdq0U12efYmpD1UFnyOWVJPTa3ukqZrMopav+2hdNu0hgBF0JIBFK9QgrBDfwYvh3DFJDAA==

bail@^2.0.0:
  version "2.0.2"
  resolved "https://registry.yarnpkg.com/bail/-/bail-2.0.2.tgz#d26f5cd8fe5d6f832a31517b9f7c356040ba6d5d"
  integrity sha512-0xO6mYd7JB2YesxDKplafRpsiOzPt9V02ddPCLbY1xYGPOX24NTyN50qnUxgCPcSoYMhKpAuBTjQoRZCAkUDRw==

character-entities-html4@^2.0.0:
  version "2.1.0"
  resolved "https://registry.yarnpkg.com/character-entities-html4/-/character-entities-html4-2.1.0.tgz#1f1adb940c971a4b22ba39ddca6b618dc6e56b2b"
  integrity sha512-1v7fgQRj6hnSwFpq1Eu0ynr/CDEw0rXo2B61qXrLNdHZmPKgb7fqS1a2JwF0rISo9q77jDI8VMEHoApn8qDoZA==

character-entities-legacy@^3.0.0:
  version "3.0.0"
  resolved "https://registry.yarnpkg.com/character-entities-legacy/-/character-entities-legacy-3.0.0.tgz#76bc83a90738901d7bc223a9e93759fdd560125b"
  integrity sha512-RpPp0asT/6ufRm//AJVwpViZbGM/MkjQFxJccQRHmISF/22NBtsHqAWmL+/pmkPWoIUJdWyeVleTl1wydHATVQ==

character-entities@^2.0.0:
  version "2.0.1"
  resolved "https://registry.yarnpkg.com/character-entities/-/character-entities-2.0.1.tgz#98724833e1e27990dee0bd0f2b8a859c3476aac7"
  integrity sha512-OzmutCf2Kmc+6DrFrrPS8/tDh2+DpnrfzdICHWhcVC9eOd0N1PXmQEE1a8iM4IziIAG+8tmTq3K+oo0ubH6RRQ==

character-reference-invalid@^2.0.0:
  version "2.0.1"
  resolved "https://registry.yarnpkg.com/character-reference-invalid/-/character-reference-invalid-2.0.1.tgz#85c66b041e43b47210faf401278abf808ac45cb9"
  integrity sha512-iBZ4F4wRbyORVsu0jPV7gXkOsGYjGHPmAyv+HiHG8gi5PtC9KI2j1+v8/tlibRvjoWX027ypmG/n0HtO5t7unw==

comma-separated-tokens@^2.0.0:
  version "2.0.2"
  resolved "https://registry.yarnpkg.com/comma-separated-tokens/-/comma-separated-tokens-2.0.2.tgz#d4c25abb679b7751c880be623c1179780fe1dd98"
  integrity sha512-G5yTt3KQN4Yn7Yk4ed73hlZ1evrFKXeUW3086p3PRFNp7m2vIjI6Pg+Kgb+oyzhd9F2qdcoj67+y3SdxL5XWsg==

debug@^4.0.0:
  version "4.3.2"
  resolved "https://registry.yarnpkg.com/debug/-/debug-4.3.2.tgz#f0a49c18ac8779e31d4a0c6029dfb76873c7428b"
  integrity sha512-mOp8wKcvj7XxC78zLgw/ZA+6TSgkoE2C/ienthhRD298T7UNwAg9diBpLRxC0mOezLl4B0xV7M0cCO6P/O0Xhw==
  dependencies:
    ms "2.1.2"

dequal@^2.0.0:
  version "2.0.2"
  resolved "https://registry.yarnpkg.com/dequal/-/dequal-2.0.2.tgz#85ca22025e3a87e65ef75a7a437b35284a7e319d"
  integrity sha512-q9K8BlJVxK7hQYqa6XISGmBZbtQQWVXSrRrWreHC94rMt1QL/Impruc+7p2CYSYuVIUr+YCt6hjrs1kkdJRTug==

diff@^5.0.0:
  version "5.0.0"
  resolved "https://registry.yarnpkg.com/diff/-/diff-5.0.0.tgz#7ed6ad76d859d030787ec35855f5b1daf31d852b"
  integrity sha512-/VTCrvm5Z0JGty/BWHljh+BAiw3IK+2j87NGMu8Nwc/f48WoDAC395uomO9ZD117ZOBaHmkX1oyLvkVM/aIT3w==

estree-util-attach-comments@^2.0.0:
  version "2.0.0"
  resolved "https://registry.yarnpkg.com/estree-util-attach-comments/-/estree-util-attach-comments-2.0.0.tgz#2c06d484dfcf841b5946bcb84d5412cbcd544e22"
  integrity sha512-kT9YVRvlt2ewPp9BazfIIgXMGsXOEpOm57bK8aa4F3eOEndMml2JAETjWaG3SZYHmC6axSNIzHGY718dYwIuVg==
  dependencies:
    "@types/estree" "^0.0.46"

estree-util-build-jsx@^2.0.0:
  version "2.0.0"
  resolved "https://registry.yarnpkg.com/estree-util-build-jsx/-/estree-util-build-jsx-2.0.0.tgz#4903e2a923ebc791f86e78ec3687d01715dec902"
  integrity sha512-d49hPGqBCJF/bF06g1Ywg7zjH1mrrUdPPrixBlKBxcX4WvMYlUUJ8BkrwlzWc8/fm6XqGgk5jilhgeZBDEGwOQ==
  dependencies:
    "@types/estree-jsx" "^0.0.1"
    estree-util-is-identifier-name "^2.0.0"
    estree-walker "^3.0.0"

estree-util-is-identifier-name@^2.0.0:
  version "2.0.0"
  resolved "https://registry.yarnpkg.com/estree-util-is-identifier-name/-/estree-util-is-identifier-name-2.0.0.tgz#e2d3d2ae3032c017b2112832bfc5d8ba938c8010"
  integrity sha512-aXXZFVMnBBDRP81vS4YtAYJ0hUkgEsXea7lNKWCOeaAquGb1Jm2rcONPB5fpzwgbNxulTvrWuKnp9UElUGAKeQ==

estree-util-visit@^1.0.0:
  version "1.1.0"
  resolved "https://registry.yarnpkg.com/estree-util-visit/-/estree-util-visit-1.1.0.tgz#c0ea7942c40ac7889a77b57a11e92f987744bc6f"
  integrity sha512-3lXJ4Us9j8TUif9cWcQy81t9p5OLasnDuuhrFiqb+XstmKC1d1LmrQWYsY49/9URcfHE64mPypDBaNK9NwWDPQ==
  dependencies:
    "@types/estree-jsx" "^0.0.1"
    "@types/unist" "^2.0.0"

estree-walker@^3.0.0:
  version "3.0.0"
  resolved "https://registry.yarnpkg.com/estree-walker/-/estree-walker-3.0.0.tgz#ca4b284de9dffb255288c76a44870b360faf14f9"
  integrity sha512-s6ceX0NFiU/vKPiKvFdR83U1Zffu7upwZsGwpoqfg5rbbq1l50WQ5hCeIvM6E6oD4shUHCYMsiFPns4Jk0YfMQ==

extend@^3.0.0:
  version "3.0.2"
  resolved "https://registry.yarnpkg.com/extend/-/extend-3.0.2.tgz#f8b1136b4071fbd8eb140aff858b1019ec2915fa"
  integrity sha512-fjquC59cD7CyW6urNXK0FBufkZcoiGG80wTuPujX590cB5Ttln20E2UB4S/WARVqhXffZl2LNgS+gQdPIIim/g==

hast-util-to-estree@^2.0.0:
  version "2.0.2"
  resolved "https://registry.yarnpkg.com/hast-util-to-estree/-/hast-util-to-estree-2.0.2.tgz#79c5bf588915610b3f0d47ca83a74dc0269c7dc2"
  integrity sha512-UQrZVeBj6A9od0lpFvqHKNSH9zvDrNoyWKbveu1a2oSCXEDUI+3bnd6BoiQLPnLrcXXn/jzJ6y9hmJTTlvf8lQ==
  dependencies:
    "@types/estree-jsx" "^0.0.1"
    "@types/hast" "^2.0.0"
    "@types/unist" "^2.0.0"
    comma-separated-tokens "^2.0.0"
    estree-util-attach-comments "^2.0.0"
    estree-util-is-identifier-name "^2.0.0"
    hast-util-whitespace "^2.0.0"
    mdast-util-mdx-expression "^1.0.0"
    mdast-util-mdxjs-esm "^1.0.0"
    property-information "^6.0.0"
    space-separated-tokens "^2.0.0"
    style-to-object "^0.3.0"
    unist-util-position "^4.0.0"
    zwitch "^2.0.0"

hast-util-whitespace@^2.0.0:
  version "2.0.0"
  resolved "https://registry.yarnpkg.com/hast-util-whitespace/-/hast-util-whitespace-2.0.0.tgz#4fc1086467cc1ef5ba20673cb6b03cec3a970f1c"
  integrity sha512-Pkw+xBHuV6xFeJprJe2BBEoDV+AvQySaz3pPDRUs5PNZEMQjpXJJueqrpcHIXxnWTcAGi/UOCgVShlkY6kLoqg==

inline-style-parser@0.1.1:
  version "0.1.1"
  resolved "https://registry.yarnpkg.com/inline-style-parser/-/inline-style-parser-0.1.1.tgz#ec8a3b429274e9c0a1f1c4ffa9453a7fef72cea1"
  integrity sha512-7NXolsK4CAS5+xvdj5OMMbI962hU/wvwoxk+LWR9Ek9bVtyuuYScDN6eS0rUm6TxApFpw7CX1o4uJzcd4AyD3Q==

is-alphabetical@^2.0.0:
  version "2.0.1"
  resolved "https://registry.yarnpkg.com/is-alphabetical/-/is-alphabetical-2.0.1.tgz#01072053ea7c1036df3c7d19a6daaec7f19e789b"
  integrity sha512-FWyyY60MeTNyeSRpkM2Iry0G9hpr7/9kD40mD/cGQEuilcZYS4okz8SN2Q6rLCJ8gbCt6fN+rC+6tMGS99LaxQ==

is-alphanumerical@^2.0.0:
  version "2.0.1"
  resolved "https://registry.yarnpkg.com/is-alphanumerical/-/is-alphanumerical-2.0.1.tgz#7c03fbe96e3e931113e57f964b0a368cc2dfd875"
  integrity sha512-hmbYhX/9MUMF5uh7tOXyK/n0ZvWpad5caBA17GsC6vyuCqaWliRG5K1qS9inmUhEMaOBIW7/whAnSwveW/LtZw==
  dependencies:
    is-alphabetical "^2.0.0"
    is-decimal "^2.0.0"

is-buffer@^2.0.0:
  version "2.0.5"
  resolved "https://registry.yarnpkg.com/is-buffer/-/is-buffer-2.0.5.tgz#ebc252e400d22ff8d77fa09888821a24a658c191"
  integrity sha512-i2R6zNFDwgEHJyQUtJEk0XFi1i0dPFn/oqjK3/vPCcDeJvW5NQ83V8QbicfF1SupOaB0h8ntgBC2YiE7dfyctQ==

is-decimal@^2.0.0:
  version "2.0.1"
  resolved "https://registry.yarnpkg.com/is-decimal/-/is-decimal-2.0.1.tgz#9469d2dc190d0214fd87d78b78caecc0cc14eef7"
  integrity sha512-AAB9hiomQs5DXWcRB1rqsxGUstbRroFOPPVAomNk/3XHR5JyEZChOyTWe2oayKnsSsr/kcGqF+z6yuH6HHpN0A==

is-hexadecimal@^2.0.0:
  version "2.0.1"
  resolved "https://registry.yarnpkg.com/is-hexadecimal/-/is-hexadecimal-2.0.1.tgz#86b5bf668fca307498d319dfc03289d781a90027"
  integrity sha512-DgZQp241c8oO6cA1SbTEWiXeoxV42vlcJxgH+B3hi1AiqqKruZR3ZGF8In3fj4+/y/7rHvlOZLZtgJ/4ttYGZg==

is-plain-obj@^4.0.0:
  version "4.0.0"
  resolved "https://registry.yarnpkg.com/is-plain-obj/-/is-plain-obj-4.0.0.tgz#06c0999fd7574edf5a906ba5644ad0feb3a84d22"
  integrity sha512-NXRbBtUdBioI73y/HmOhogw/U5msYPC9DAtGkJXeFcFWSFZw0mCUsPxk/snTuJHzNKA8kLBK4rH97RMB1BfCXw==

is-reference@^3.0.0:
  version "3.0.0"
  resolved "https://registry.yarnpkg.com/is-reference/-/is-reference-3.0.0.tgz#b1380c03d96ddf7089709781e3208fceb0c92cd6"
  integrity sha512-Eo1W3wUoHWoCoVM4GVl/a+K0IgiqE5aIo4kJABFyMum1ZORlPkC+UC357sSQUL5w5QCE5kCC9upl75b7+7CY/Q==
  dependencies:
    "@types/estree" "*"

kleur@^4.0.3:
  version "4.1.4"
  resolved "https://registry.yarnpkg.com/kleur/-/kleur-4.1.4.tgz#8c202987d7e577766d039a8cd461934c01cda04d"
  integrity sha512-8QADVssbrFjivHWQU7KkMgptGTl6WAcSdlbBPY4uNF+mWr6DGcKrvY2w4FQJoXch7+fKMjj0dRrL75vk3k23OA==

longest-streak@^3.0.0:
  version "3.0.1"
  resolved "https://registry.yarnpkg.com/longest-streak/-/longest-streak-3.0.1.tgz#c97315b7afa0e7d9525db9a5a2953651432bdc5d"
  integrity sha512-cHlYSUpL2s7Fb3394mYxwTYj8niTaNHUCLr0qdiCXQfSjfuA7CKofpX2uSwEfFDQ0EB7JcnMnm+GjbqqoinYYg==

markdown-extensions@^1.0.0:
  version "1.1.1"
  resolved "https://registry.yarnpkg.com/markdown-extensions/-/markdown-extensions-1.1.1.tgz#fea03b539faeaee9b4ef02a3769b455b189f7fc3"
  integrity sha512-WWC0ZuMzCyDHYCasEGs4IPvLyTGftYwh6wIEOULOF0HXcqZlhwRzrK0w2VUlxWA98xnvb/jszw4ZSkJ6ADpM6Q==

mdast-util-definitions@^5.0.0:
  version "5.1.0"
  resolved "https://registry.yarnpkg.com/mdast-util-definitions/-/mdast-util-definitions-5.1.0.tgz#b6d10ef00a3c4cf191e8d9a5fa58d7f4a366f817"
  integrity sha512-5hcR7FL2EuZ4q6lLMUK5w4lHT2H3vqL9quPvYZ/Ku5iifrirfMHiGdhxdXMUbUkDmz5I+TYMd7nbaxUhbQkfpQ==
  dependencies:
    "@types/mdast" "^3.0.0"
    "@types/unist" "^2.0.0"
    unist-util-visit "^3.0.0"

mdast-util-from-markdown@^1.0.0:
  version "1.1.0"
  resolved "https://registry.yarnpkg.com/mdast-util-from-markdown/-/mdast-util-from-markdown-1.1.0.tgz#534e75b4d4ef93e8aee3f51aba0a7592849e4b32"
  integrity sha512-Mex7IIeIKRpGYNNywpxTfPhfFBTxBL5IVacPMU6GjYF+EkIvy++19cBgxVFyHVd2JpC/chG2IKGqZLffoo7Q1g==
  dependencies:
    "@types/mdast" "^3.0.0"
    "@types/unist" "^2.0.0"
    mdast-util-to-string "^3.1.0"
    micromark "^3.0.0"
    micromark-util-decode-numeric-character-reference "^1.0.0"
    micromark-util-decode-string "^1.0.0"
    micromark-util-normalize-identifier "^1.0.0"
    micromark-util-symbol "^1.0.0"
    micromark-util-types "^1.0.0"
    parse-entities "^3.0.0"
    unist-util-stringify-position "^3.0.0"
    uvu "^0.5.0"

mdast-util-mdx-expression@^1.0.0:
  version "1.1.1"
  resolved "https://registry.yarnpkg.com/mdast-util-mdx-expression/-/mdast-util-mdx-expression-1.1.1.tgz#657522e78b84f5c85cd2395776aba8dcfb7bbb0f"
  integrity sha512-RDLRkBFmBKCJl6/fQdxxKL2BqNtoPFoNBmQAlj5ZNKOijIWRKjdhPkeufsUOaexLj+78mhJc+L7d1MYka8/LdQ==
  dependencies:
    "@types/estree-jsx" "^0.0.1"

mdast-util-mdx-jsx@^1.0.0:
  version "1.1.2"
  resolved "https://registry.yarnpkg.com/mdast-util-mdx-jsx/-/mdast-util-mdx-jsx-1.1.2.tgz#caf934ae313066117972ddfb02f6bcfc9e24e7bd"
  integrity sha512-1/bDUZvPGNVxiAjrVsehMZTaNomihpbIMoMr8/UcAQ4h7itDFhN93LtO9XzQPlEM+CMueCoRYGQfl7N+5R+8Mg==
  dependencies:
    "@types/estree-jsx" "^0.0.1"
    "@types/mdast" "^3.0.0"
    mdast-util-to-markdown "^1.0.0"
    parse-entities "^3.0.0"
    stringify-entities "^4.0.0"
    unist-util-remove-position "^4.0.0"
    unist-util-stringify-position "^3.0.0"
    vfile-message "^3.0.0"

mdast-util-mdx@^1.0.0:
  version "1.1.0"
  resolved "https://registry.yarnpkg.com/mdast-util-mdx/-/mdast-util-mdx-1.1.0.tgz#c98612804719309aea97e3da068658392e126488"
  integrity sha512-leKb9uG7laXdyFlTleYV4ZEaCpsxeU1LlkkR/xp35pgKrfV1Y0fNCuOw9vaRc2a9YDpH22wd145Wt7UY5yzeZw==
  dependencies:
    mdast-util-mdx-expression "^1.0.0"
    mdast-util-mdx-jsx "^1.0.0"
    mdast-util-mdxjs-esm "^1.0.0"

mdast-util-mdxjs-esm@^1.0.0:
  version "1.1.1"
  resolved "https://registry.yarnpkg.com/mdast-util-mdxjs-esm/-/mdast-util-mdxjs-esm-1.1.1.tgz#09a1fd42ffc68f83de4b52496fb95f6058646f21"
  integrity sha512-IpHNNMubCt6ue2FIQasx1ByvETglnqc7A3XvIc0Yyql1hNI73SEGa044dZG6jeJQE8boBdTn8nxs3DjQLvVN1w==
  dependencies:
    "@types/estree-jsx" "^0.0.1"
    "@types/mdast" "^3.0.0"
    mdast-util-from-markdown "^1.0.0"
    mdast-util-to-markdown "^1.0.0"

mdast-util-to-hast@^12.0.0:
  version "12.0.0"
  resolved "https://registry.yarnpkg.com/mdast-util-to-hast/-/mdast-util-to-hast-12.0.0.tgz#d697afa58e56b7e66899c03cd8f789f7d44df44b"
  integrity sha512-BCeq0Bz103NJvmhB7gN0TDmKRT7x3auJmEp7NcYX1xpqZsQeA3JNLazLhFx6VQPqw30e2zes/coKPAiEqxxUuQ==
  dependencies:
    "@types/hast" "^2.0.0"
    "@types/mdast" "^3.0.0"
    "@types/mdurl" "^1.0.0"
    mdast-util-definitions "^5.0.0"
    mdurl "^1.0.0"
    micromark-util-sanitize-uri "^1.0.0"
    unist-builder "^3.0.0"
    unist-util-generated "^2.0.0"
    unist-util-position "^4.0.0"
    unist-util-visit "^4.0.0"

mdast-util-to-markdown@^1.0.0:
  version "1.2.4"
  resolved "https://registry.yarnpkg.com/mdast-util-to-markdown/-/mdast-util-to-markdown-1.2.4.tgz#f67173bb95526a4d93454021aa4602f165ad3858"
  integrity sha512-Wive3NvrNS4OY5yYKBADdK1QSlbJUZyZ2ssanITUzNQ7sxMfBANTVjLrAA9BFXshaeG9G77xpOK/z+TTret5Hg==
  dependencies:
    "@types/mdast" "^3.0.0"
    "@types/unist" "^2.0.0"
    longest-streak "^3.0.0"
    mdast-util-to-string "^3.0.0"
    micromark-util-decode-string "^1.0.0"
    unist-util-visit "^4.0.0"
    zwitch "^2.0.0"

mdast-util-to-string@^3.0.0, mdast-util-to-string@^3.1.0:
  version "3.1.0"
  resolved "https://registry.yarnpkg.com/mdast-util-to-string/-/mdast-util-to-string-3.1.0.tgz#56c506d065fbf769515235e577b5a261552d56e9"
  integrity sha512-n4Vypz/DZgwo0iMHLQL49dJzlp7YtAJP+N07MZHpjPf/5XJuHUWstviF4Mn2jEiR/GNmtnRRqnwsXExk3igfFA==

mdurl@^1.0.0:
  version "1.0.1"
  resolved "https://registry.yarnpkg.com/mdurl/-/mdurl-1.0.1.tgz#fe85b2ec75a59037f2adfec100fd6c601761152e"
  integrity sha1-/oWy7HWlkDfyrf7BAP1sYBdhFS4=

micromark-core-commonmark@^1.0.0, micromark-core-commonmark@^1.0.1:
  version "1.0.4"
  resolved "https://registry.yarnpkg.com/micromark-core-commonmark/-/micromark-core-commonmark-1.0.4.tgz#fee459d29c5912a32f059c3a9836d4318ac85f30"
  integrity sha512-HAtoZisp1M/sQFuw2zoUKGo1pMKod7GSvdM6B2oBU0U2CEN5/C6Tmydmi1rmvEieEhGQsjMyiiSoYgxISNxGFA==
  dependencies:
    micromark-factory-destination "^1.0.0"
    micromark-factory-label "^1.0.0"
    micromark-factory-space "^1.0.0"
    micromark-factory-title "^1.0.0"
    micromark-factory-whitespace "^1.0.0"
    micromark-util-character "^1.0.0"
    micromark-util-chunked "^1.0.0"
    micromark-util-classify-character "^1.0.0"
    micromark-util-html-tag-name "^1.0.0"
    micromark-util-normalize-identifier "^1.0.0"
    micromark-util-resolve-all "^1.0.0"
    micromark-util-subtokenize "^1.0.0"
    micromark-util-symbol "^1.0.0"
    micromark-util-types "^1.0.1"
    parse-entities "^3.0.0"
    uvu "^0.5.0"

micromark-extension-mdx-expression@^1.0.0:
  version "1.0.2"
  resolved "https://registry.yarnpkg.com/micromark-extension-mdx-expression/-/micromark-extension-mdx-expression-1.0.2.tgz#75b7024b9b4de138703a790fa8815f2e790d0ecd"
  integrity sha512-KbkM9D9x/ZOV6gLwaN8izl2ZMI3sg+C4JLuUSmd8zJ4Z2d3mSWrznJRLuXkZcyN9lLaRm4Dz2VPjae3AkC5X1A==
  dependencies:
    micromark-factory-mdx-expression "^1.0.0"
    micromark-factory-space "^1.0.0"
    micromark-util-character "^1.0.0"
    micromark-util-events-to-acorn "^1.0.0"
    micromark-util-symbol "^1.0.0"
    micromark-util-types "^1.0.0"
    uvu "^0.5.0"

micromark-extension-mdx-jsx@^1.0.0:
  version "1.0.2"
  resolved "https://registry.yarnpkg.com/micromark-extension-mdx-jsx/-/micromark-extension-mdx-jsx-1.0.2.tgz#966817c1c0920e6bf311dd75e07eaf4a069d933b"
  integrity sha512-MBppeDuXEBIL1uo4B/bL5eJ1q3m5pXzdzIWpOnJuzzBZF+S+9zbb5WnS2K/LEVQeoyiLzOuoteU4SFPuGJhhWw==
  dependencies:
    "@types/acorn" "^4.0.0"
    estree-util-is-identifier-name "^2.0.0"
    micromark-factory-mdx-expression "^1.0.0"
    micromark-factory-space "^1.0.0"
    micromark-util-character "^1.0.0"
    micromark-util-symbol "^1.0.0"
    micromark-util-types "^1.0.0"
    uvu "^0.5.0"
    vfile-message "^3.0.0"

micromark-extension-mdx-md@^1.0.0:
  version "1.0.0"
  resolved "https://registry.yarnpkg.com/micromark-extension-mdx-md/-/micromark-extension-mdx-md-1.0.0.tgz#382f5df9ee3706dd120b51782a211f31f4760d22"
  integrity sha512-xaRAMoSkKdqZXDAoSgp20Azm0aRQKGOl0RrS81yGu8Hr/JhMsBmfs4wR7m9kgVUIO36cMUQjNyiyDKPrsv8gOw==
  dependencies:
    micromark-util-types "^1.0.0"

micromark-extension-mdxjs-esm@^1.0.0:
  version "1.0.2"
  resolved "https://registry.yarnpkg.com/micromark-extension-mdxjs-esm/-/micromark-extension-mdxjs-esm-1.0.2.tgz#df0c48743a0b1988119489c68314160b7942ffa6"
  integrity sha512-bIaxblNIM+CCaJvp3L/V+168l79iuNmxEiTU6i3vB0YuDW+rumV64BFMxvhfRDxaJxQE1zD5vTPdyLBbW4efGA==
  dependencies:
    micromark-core-commonmark "^1.0.0"
    micromark-util-character "^1.0.0"
    micromark-util-events-to-acorn "^1.0.0"
    micromark-util-symbol "^1.0.0"
    micromark-util-types "^1.0.0"
    unist-util-position-from-estree "^1.1.0"
    uvu "^0.5.0"
    vfile-message "^3.0.0"

micromark-extension-mdxjs@^1.0.0:
  version "1.0.0"
  resolved "https://registry.yarnpkg.com/micromark-extension-mdxjs/-/micromark-extension-mdxjs-1.0.0.tgz#772644e12fc8299a33e50f59c5aa15727f6689dd"
  integrity sha512-TZZRZgeHvtgm+IhtgC2+uDMR7h8eTKF0QUX9YsgoL9+bADBpBY6SiLvWqnBlLbCEevITmTqmEuY3FoxMKVs1rQ==
  dependencies:
    acorn "^8.0.0"
    acorn-jsx "^5.0.0"
    micromark-extension-mdx-expression "^1.0.0"
    micromark-extension-mdx-jsx "^1.0.0"
    micromark-extension-mdx-md "^1.0.0"
    micromark-extension-mdxjs-esm "^1.0.0"
    micromark-util-combine-extensions "^1.0.0"
    micromark-util-types "^1.0.0"

micromark-factory-destination@^1.0.0:
  version "1.0.0"
  resolved "https://registry.yarnpkg.com/micromark-factory-destination/-/micromark-factory-destination-1.0.0.tgz#fef1cb59ad4997c496f887b6977aa3034a5a277e"
  integrity sha512-eUBA7Rs1/xtTVun9TmV3gjfPz2wEwgK5R5xcbIM5ZYAtvGF6JkyaDsj0agx8urXnO31tEO6Ug83iVH3tdedLnw==
  dependencies:
    micromark-util-character "^1.0.0"
    micromark-util-symbol "^1.0.0"
    micromark-util-types "^1.0.0"

micromark-factory-label@^1.0.0:
  version "1.0.2"
  resolved "https://registry.yarnpkg.com/micromark-factory-label/-/micromark-factory-label-1.0.2.tgz#6be2551fa8d13542fcbbac478258fb7a20047137"
  integrity sha512-CTIwxlOnU7dEshXDQ+dsr2n+yxpP0+fn271pu0bwDIS8uqfFcumXpj5mLn3hSC8iw2MUr6Gx8EcKng1dD7i6hg==
  dependencies:
    micromark-util-character "^1.0.0"
    micromark-util-symbol "^1.0.0"
    micromark-util-types "^1.0.0"
    uvu "^0.5.0"

micromark-factory-mdx-expression@^1.0.0:
  version "1.0.4"
  resolved "https://registry.yarnpkg.com/micromark-factory-mdx-expression/-/micromark-factory-mdx-expression-1.0.4.tgz#debb854e98d4e5bf3af34111fa89a1a5638ebe6a"
  integrity sha512-1mS1Cg/GmvvafgHQvxz4OqhcO1JGwzzTuGh1C8NIUrmnr6/3A1dJiAphHz7kJKI/b9WIr69Q8VswuwyWo576yQ==
  dependencies:
    micromark-factory-space "^1.0.0"
    micromark-util-character "^1.0.0"
    micromark-util-events-to-acorn "^1.0.0"
    micromark-util-symbol "^1.0.0"
    micromark-util-types "^1.0.0"
    unist-util-position-from-estree "^1.0.0"
    uvu "^0.5.0"
    vfile-message "^3.0.0"

micromark-factory-space@^1.0.0:
  version "1.0.0"
  resolved "https://registry.yarnpkg.com/micromark-factory-space/-/micromark-factory-space-1.0.0.tgz#cebff49968f2b9616c0fcb239e96685cb9497633"
  integrity sha512-qUmqs4kj9a5yBnk3JMLyjtWYN6Mzfcx8uJfi5XAveBniDevmZasdGBba5b4QsvRcAkmvGo5ACmSUmyGiKTLZew==
  dependencies:
    micromark-util-character "^1.0.0"
    micromark-util-types "^1.0.0"

micromark-factory-title@^1.0.0:
  version "1.0.2"
  resolved "https://registry.yarnpkg.com/micromark-factory-title/-/micromark-factory-title-1.0.2.tgz#7e09287c3748ff1693930f176e1c4a328382494f"
  integrity sha512-zily+Nr4yFqgMGRKLpTVsNl5L4PMu485fGFDOQJQBl2NFpjGte1e86zC0da93wf97jrc4+2G2GQudFMHn3IX+A==
  dependencies:
    micromark-factory-space "^1.0.0"
    micromark-util-character "^1.0.0"
    micromark-util-symbol "^1.0.0"
    micromark-util-types "^1.0.0"
    uvu "^0.5.0"

micromark-factory-whitespace@^1.0.0:
  version "1.0.0"
  resolved "https://registry.yarnpkg.com/micromark-factory-whitespace/-/micromark-factory-whitespace-1.0.0.tgz#e991e043ad376c1ba52f4e49858ce0794678621c"
  integrity sha512-Qx7uEyahU1lt1RnsECBiuEbfr9INjQTGa6Err+gF3g0Tx4YEviPbqqGKNv/NrBaE7dVHdn1bVZKM/n5I/Bak7A==
  dependencies:
    micromark-factory-space "^1.0.0"
    micromark-util-character "^1.0.0"
    micromark-util-symbol "^1.0.0"
    micromark-util-types "^1.0.0"

micromark-util-character@^1.0.0:
  version "1.1.0"
  resolved "https://registry.yarnpkg.com/micromark-util-character/-/micromark-util-character-1.1.0.tgz#d97c54d5742a0d9611a68ca0cd4124331f264d86"
  integrity sha512-agJ5B3unGNJ9rJvADMJ5ZiYjBRyDpzKAOk01Kpi1TKhlT1APx3XZk6eN7RtSz1erbWHC2L8T3xLZ81wdtGRZzg==
  dependencies:
    micromark-util-symbol "^1.0.0"
    micromark-util-types "^1.0.0"

micromark-util-chunked@^1.0.0:
  version "1.0.0"
  resolved "https://registry.yarnpkg.com/micromark-util-chunked/-/micromark-util-chunked-1.0.0.tgz#5b40d83f3d53b84c4c6bce30ed4257e9a4c79d06"
  integrity sha512-5e8xTis5tEZKgesfbQMKRCyzvffRRUX+lK/y+DvsMFdabAicPkkZV6gO+FEWi9RfuKKoxxPwNL+dFF0SMImc1g==
  dependencies:
    micromark-util-symbol "^1.0.0"

micromark-util-classify-character@^1.0.0:
  version "1.0.0"
  resolved "https://registry.yarnpkg.com/micromark-util-classify-character/-/micromark-util-classify-character-1.0.0.tgz#cbd7b447cb79ee6997dd274a46fc4eb806460a20"
  integrity sha512-F8oW2KKrQRb3vS5ud5HIqBVkCqQi224Nm55o5wYLzY/9PwHGXC01tr3d7+TqHHz6zrKQ72Okwtvm/xQm6OVNZA==
  dependencies:
    micromark-util-character "^1.0.0"
    micromark-util-symbol "^1.0.0"
    micromark-util-types "^1.0.0"

micromark-util-combine-extensions@^1.0.0:
  version "1.0.0"
  resolved "https://registry.yarnpkg.com/micromark-util-combine-extensions/-/micromark-util-combine-extensions-1.0.0.tgz#91418e1e74fb893e3628b8d496085639124ff3d5"
  integrity sha512-J8H058vFBdo/6+AsjHp2NF7AJ02SZtWaVUjsayNFeAiydTxUwViQPxN0Hf8dp4FmCQi0UUFovFsEyRSUmFH3MA==
  dependencies:
    micromark-util-chunked "^1.0.0"
    micromark-util-types "^1.0.0"

micromark-util-decode-numeric-character-reference@^1.0.0:
  version "1.0.0"
  resolved "https://registry.yarnpkg.com/micromark-util-decode-numeric-character-reference/-/micromark-util-decode-numeric-character-reference-1.0.0.tgz#dcc85f13b5bd93ff8d2868c3dba28039d490b946"
  integrity sha512-OzO9AI5VUtrTD7KSdagf4MWgHMtET17Ua1fIpXTpuhclCqD8egFWo85GxSGvxgkGS74bEahvtM0WP0HjvV0e4w==
  dependencies:
    micromark-util-symbol "^1.0.0"

micromark-util-decode-string@^1.0.0:
  version "1.0.1"
  resolved "https://registry.yarnpkg.com/micromark-util-decode-string/-/micromark-util-decode-string-1.0.1.tgz#fa779dcef7f2dc2c9e4b759abd85e553674eea4f"
  integrity sha512-Wf3H6jLaO3iIlHEvblESXaKAr72nK7JtBbLLICPwuZc3eJkMcp4j8rJ5Xv1VbQWMCWWDvKUbVUbE2MfQNznwTA==
  dependencies:
    micromark-util-character "^1.0.0"
    micromark-util-decode-numeric-character-reference "^1.0.0"
    micromark-util-symbol "^1.0.0"
    parse-entities "^3.0.0"

micromark-util-encode@^1.0.0:
  version "1.0.0"
  resolved "https://registry.yarnpkg.com/micromark-util-encode/-/micromark-util-encode-1.0.0.tgz#c409ecf751a28aa9564b599db35640fccec4c068"
  integrity sha512-cJpFVM768h6zkd8qJ1LNRrITfY4gwFt+tziPcIf71Ui8yFzY9wG3snZQqiWVq93PG4Sw6YOtcNiKJfVIs9qfGg==

micromark-util-events-to-acorn@^1.0.0:
  version "1.0.4"
  resolved "https://registry.yarnpkg.com/micromark-util-events-to-acorn/-/micromark-util-events-to-acorn-1.0.4.tgz#07d26cd675dbca8c38b8d9aff2d4cdc91c9997aa"
  integrity sha512-dpo8ecREK5s/KMph7jJ46RLM6g7N21CMc9LAJQbDLdbQnTpijigkSJPTIfLXZ+h5wdXlcsQ+b6ufAE9v76AdgA==
  dependencies:
    "@types/acorn" "^4.0.0"
    "@types/estree" "^0.0.50"
    estree-util-visit "^1.0.0"
    micromark-util-types "^1.0.0"
    uvu "^0.5.0"
    vfile-message "^3.0.0"

micromark-util-html-tag-name@^1.0.0:
  version "1.0.0"
  resolved "https://registry.yarnpkg.com/micromark-util-html-tag-name/-/micromark-util-html-tag-name-1.0.0.tgz#75737e92fef50af0c6212bd309bc5cb8dbd489ed"
  integrity sha512-NenEKIshW2ZI/ERv9HtFNsrn3llSPZtY337LID/24WeLqMzeZhBEE6BQ0vS2ZBjshm5n40chKtJ3qjAbVV8S0g==

micromark-util-normalize-identifier@^1.0.0:
  version "1.0.0"
  resolved "https://registry.yarnpkg.com/micromark-util-normalize-identifier/-/micromark-util-normalize-identifier-1.0.0.tgz#4a3539cb8db954bbec5203952bfe8cedadae7828"
  integrity sha512-yg+zrL14bBTFrQ7n35CmByWUTFsgst5JhA4gJYoty4Dqzj4Z4Fr/DHekSS5aLfH9bdlfnSvKAWsAgJhIbogyBg==
  dependencies:
    micromark-util-symbol "^1.0.0"

micromark-util-resolve-all@^1.0.0:
  version "1.0.0"
  resolved "https://registry.yarnpkg.com/micromark-util-resolve-all/-/micromark-util-resolve-all-1.0.0.tgz#a7c363f49a0162e931960c44f3127ab58f031d88"
  integrity sha512-CB/AGk98u50k42kvgaMM94wzBqozSzDDaonKU7P7jwQIuH2RU0TeBqGYJz2WY1UdihhjweivStrJ2JdkdEmcfw==
  dependencies:
    micromark-util-types "^1.0.0"

micromark-util-sanitize-uri@^1.0.0:
  version "1.0.0"
  resolved "https://registry.yarnpkg.com/micromark-util-sanitize-uri/-/micromark-util-sanitize-uri-1.0.0.tgz#27dc875397cd15102274c6c6da5585d34d4f12b2"
  integrity sha512-cCxvBKlmac4rxCGx6ejlIviRaMKZc0fWm5HdCHEeDWRSkn44l6NdYVRyU+0nT1XC72EQJMZV8IPHF+jTr56lAg==
  dependencies:
    micromark-util-character "^1.0.0"
    micromark-util-encode "^1.0.0"
    micromark-util-symbol "^1.0.0"

micromark-util-subtokenize@^1.0.0:
  version "1.0.2"
  resolved "https://registry.yarnpkg.com/micromark-util-subtokenize/-/micromark-util-subtokenize-1.0.2.tgz#ff6f1af6ac836f8bfdbf9b02f40431760ad89105"
  integrity sha512-d90uqCnXp/cy4G881Ub4psE57Sf8YD0pim9QdjCRNjfas2M1u6Lbt+XZK9gnHL2XFhnozZiEdCa9CNfXSfQ6xA==
  dependencies:
    micromark-util-chunked "^1.0.0"
    micromark-util-symbol "^1.0.0"
    micromark-util-types "^1.0.0"
    uvu "^0.5.0"

micromark-util-symbol@^1.0.0:
  version "1.0.0"
  resolved "https://registry.yarnpkg.com/micromark-util-symbol/-/micromark-util-symbol-1.0.0.tgz#91cdbcc9b2a827c0129a177d36241bcd3ccaa34d"
  integrity sha512-NZA01jHRNCt4KlOROn8/bGi6vvpEmlXld7EHcRH+aYWUfL3Wc8JLUNNlqUMKa0hhz6GrpUWsHtzPmKof57v0gQ==

micromark-util-types@^1.0.0, micromark-util-types@^1.0.1:
  version "1.0.1"
  resolved "https://registry.yarnpkg.com/micromark-util-types/-/micromark-util-types-1.0.1.tgz#8bb8a092d93d326bd29fe29602799f2d0d922fd4"
  integrity sha512-UT0ylWEEy80RFYzK9pEaugTqaxoD/j0Y9WhHpSyitxd99zjoQz7JJ+iKuhPAgOW2MiPSUAx+c09dcqokeyaROA==

micromark@^3.0.0:
  version "3.0.7"
  resolved "https://registry.yarnpkg.com/micromark/-/micromark-3.0.7.tgz#036dfc974ddf8e6e773b197839c5671d92d0928c"
  integrity sha512-67ipZ2CzQVsDyH1kqNLh7dLwe5QMPJwjFBGppW7JCLByaSc6ZufV0ywPOxt13MIDAzzmj3wctDL6Ov5w0fOHXw==
  dependencies:
    "@types/debug" "^4.0.0"
    debug "^4.0.0"
    micromark-core-commonmark "^1.0.1"
    micromark-factory-space "^1.0.0"
    micromark-util-character "^1.0.0"
    micromark-util-chunked "^1.0.0"
    micromark-util-combine-extensions "^1.0.0"
    micromark-util-decode-numeric-character-reference "^1.0.0"
    micromark-util-encode "^1.0.0"
    micromark-util-normalize-identifier "^1.0.0"
    micromark-util-resolve-all "^1.0.0"
    micromark-util-sanitize-uri "^1.0.0"
    micromark-util-subtokenize "^1.0.0"
    micromark-util-symbol "^1.0.0"
    micromark-util-types "^1.0.1"
    parse-entities "^3.0.0"
    uvu "^0.5.0"

mri@^1.1.0:
  version "1.2.0"
  resolved "https://registry.yarnpkg.com/mri/-/mri-1.2.0.tgz#6721480fec2a11a4889861115a48b6cbe7cc8f0b"
  integrity sha512-tzzskb3bG8LvYGFF/mDTpq3jpI6Q9wc3LEmBaghu+DdCssd1FakN7Bc0hVNmEyGq1bq3RgfkCb3cmQLpNPOroA==

ms@2.1.2:
  version "2.1.2"
  resolved "https://registry.yarnpkg.com/ms/-/ms-2.1.2.tgz#d09d1f357b443f493382a8eb3ccd183872ae6009"
  integrity sha512-sGkPx+VjMtmA6MX27oA4FBFELFCZZ4S4XqeGOXCv68tT+jb3vk/RyaKWP0PTKyWtmLSM0b+adUTEvbs1PEaH2w==

parse-entities@^3.0.0:
  version "3.1.0"
  resolved "https://registry.yarnpkg.com/parse-entities/-/parse-entities-3.1.0.tgz#82b04f2c26f2b3604e4df1972beb231f20d207e2"
  integrity sha512-xf2yeHbsfg1vJySsQelVwgtI/67eAndVU05skrr/XN6KFMoVVA95BYrW8y78OfW4jqcuHwB7tlMlLkvbq4WbHQ==
  dependencies:
    "@types/unist" "^2.0.0"
    character-entities "^2.0.0"
    character-entities-legacy "^3.0.0"
    character-reference-invalid "^2.0.0"
    is-alphanumerical "^2.0.0"
    is-decimal "^2.0.0"
    is-hexadecimal "^2.0.0"

periscopic@^3.0.0:
  version "3.0.4"
  resolved "https://registry.yarnpkg.com/periscopic/-/periscopic-3.0.4.tgz#b3fbed0d1bc844976b977173ca2cd4a0ef4fa8d1"
  integrity sha512-SFx68DxCv0Iyo6APZuw/AKewkkThGwssmU0QWtTlvov3VAtPX+QJ4CadwSaz8nrT5jPIuxdvJWB4PnD2KNDxQg==
  dependencies:
    estree-walker "^3.0.0"
    is-reference "^3.0.0"

property-information@^6.0.0:
  version "6.1.1"
  resolved "https://registry.yarnpkg.com/property-information/-/property-information-6.1.1.tgz#5ca85510a3019726cb9afed4197b7b8ac5926a22"
  integrity sha512-hrzC564QIl0r0vy4l6MvRLhafmUowhO/O3KgVSoXIbbA2Sz4j8HGpJc6T2cubRVwMwpdiG/vKGfhT4IixmKN9w==

remark-mdx@^2.0.0-rc.1:
  version "2.0.0-rc.1"
  resolved "https://registry.yarnpkg.com/remark-mdx/-/remark-mdx-2.0.0-rc.1.tgz#613c9757fba3b82a409f4f93870a5a9f1ca0eb5d"
  integrity sha512-y3cj3wDwpXTE1boMco/nsquHj2noK0mtnXwBC8FJ/CtU06y66jOBWX1kLknluBl06pYbxtx1ypAOHKvjgT4vsA==
  dependencies:
    mdast-util-mdx "^1.0.0"
    micromark-extension-mdxjs "^1.0.0"

remark-parse@^10.0.0:
  version "10.0.0"
  resolved "https://registry.yarnpkg.com/remark-parse/-/remark-parse-10.0.0.tgz#65e2b2b34d8581d36b97f12a2926bb2126961cb4"
  integrity sha512-07ei47p2Xl7Bqbn9H2VYQYirnAFJPwdMuypdozWsSbnmrkgA2e2sZLZdnDNrrsxR4onmIzH/J6KXqKxCuqHtPQ==
  dependencies:
    "@types/mdast" "^3.0.0"
    mdast-util-from-markdown "^1.0.0"
    unified "^10.0.0"

remark-rehype@^10.0.0:
  version "10.0.1"
  resolved "https://registry.yarnpkg.com/remark-rehype/-/remark-rehype-10.0.1.tgz#f52079aeecb3f209d682b331c052457106e3015e"
  integrity sha512-9itJLLOrbjrAi0qO5Rh0Wzi1d3eqvRvDWSsfif6W/BInVgCvzqSnB7BSfQRtb6MLfQiufXYG3NbbUqfE0p7nTA==
  dependencies:
    "@types/hast" "^2.0.0"
    "@types/mdast" "^3.0.0"
    mdast-util-to-hast "^12.0.0"
    unified "^10.0.0"

sade@^1.7.3:
  version "1.7.4"
  resolved "https://registry.yarnpkg.com/sade/-/sade-1.7.4.tgz#ea681e0c65d248d2095c90578c03ca0bb1b54691"
  integrity sha512-y5yauMD93rX840MwUJr7C1ysLFBgMspsdTo4UVrDg3fXDvtwOyIqykhVAAm6fk/3au77773itJStObgK+LKaiA==
  dependencies:
    mri "^1.1.0"

space-separated-tokens@^2.0.0:
  version "2.0.1"
  resolved "https://registry.yarnpkg.com/space-separated-tokens/-/space-separated-tokens-2.0.1.tgz#43193cec4fb858a2ce934b7f98b7f2c18107098b"
  integrity sha512-ekwEbFp5aqSPKaqeY1PGrlGQxPNaq+Cnx4+bE2D8sciBQrHpbwoBbawqTN2+6jPs9IdWxxiUcN0K2pkczD3zmw==

stringify-entities@^4.0.0:
  version "4.0.2"
  resolved "https://registry.yarnpkg.com/stringify-entities/-/stringify-entities-4.0.2.tgz#13d113dc7449dc8ae4cb22c28883ee3fff8753e3"
  integrity sha512-MTxTVcEkorNtBbNpoFJPEh0kKdM6+QbMjLbaxmvaPMmayOXdr/AIVIIJX7FReUVweRBFJfZepK4A4AKgwuFpMQ==
  dependencies:
    character-entities-html4 "^2.0.0"
    character-entities-legacy "^3.0.0"

style-to-object@^0.3.0:
  version "0.3.0"
  resolved "https://registry.yarnpkg.com/style-to-object/-/style-to-object-0.3.0.tgz#b1b790d205991cc783801967214979ee19a76e46"
  integrity sha512-CzFnRRXhzWIdItT3OmF8SQfWyahHhjq3HwcMNCNLn+N7klOOqPjMeG/4JSu77D7ypZdGvSzvkrbyeTMizz2VrA==
  dependencies:
    inline-style-parser "0.1.1"

totalist@^2.0.0:
  version "2.0.0"
  resolved "https://registry.yarnpkg.com/totalist/-/totalist-2.0.0.tgz#db6f1e19c0fa63e71339bbb8fba89653c18c7eec"
  integrity sha512-+Y17F0YzxfACxTyjfhnJQEe7afPA0GSpYlFkl2VFMxYP7jshQf9gXV7cH47EfToBumFThfKBvfAcoUn6fdNeRQ==

trough@^2.0.0:
  version "2.0.2"
  resolved "https://registry.yarnpkg.com/trough/-/trough-2.0.2.tgz#94a3aa9d5ce379fc561f6244905b3f36b7458d96"
  integrity sha512-FnHq5sTMxC0sk957wHDzRnemFnNBvt/gSY99HzK8F7UP5WAbvP70yX5bd7CjEQkN+TjdxwI7g7lJ6podqrG2/w==

unified@^10.0.0:
  version "10.1.0"
  resolved "https://registry.yarnpkg.com/unified/-/unified-10.1.0.tgz#4e65eb38fc2448b1c5ee573a472340f52b9346fe"
  integrity sha512-4U3ru/BRXYYhKbwXV6lU6bufLikoAavTwev89H5UxY8enDFaAT2VXmIXYNm6hb5oHPng/EXr77PVyDFcptbk5g==
  dependencies:
    "@types/unist" "^2.0.0"
    bail "^2.0.0"
    extend "^3.0.0"
    is-buffer "^2.0.0"
    is-plain-obj "^4.0.0"
    trough "^2.0.0"
    vfile "^5.0.0"

unist-builder@^3.0.0:
  version "3.0.0"
  resolved "https://registry.yarnpkg.com/unist-builder/-/unist-builder-3.0.0.tgz#728baca4767c0e784e1e64bb44b5a5a753021a04"
  integrity sha512-GFxmfEAa0vi9i5sd0R2kcrI9ks0r82NasRq5QHh2ysGngrc6GiqD5CDf1FjPenY4vApmFASBIIlk/jj5J5YbmQ==
  dependencies:
    "@types/unist" "^2.0.0"

unist-util-generated@^2.0.0:
  version "2.0.0"
  resolved "https://registry.yarnpkg.com/unist-util-generated/-/unist-util-generated-2.0.0.tgz#86fafb77eb6ce9bfa6b663c3f5ad4f8e56a60113"
  integrity sha512-TiWE6DVtVe7Ye2QxOVW9kqybs6cZexNwTwSMVgkfjEReqy/xwGpAXb99OxktoWwmL+Z+Epb0Dn8/GNDYP1wnUw==

unist-util-is@^5.0.0:
  version "5.1.1"
  resolved "https://registry.yarnpkg.com/unist-util-is/-/unist-util-is-5.1.1.tgz#e8aece0b102fa9bc097b0fef8f870c496d4a6236"
  integrity sha512-F5CZ68eYzuSvJjGhCLPL3cYx45IxkqXSetCcRgUXtbcm50X2L9oOWQlfUfDdAf+6Pd27YDblBfdtmsThXmwpbQ==

unist-util-position-from-estree@^1.0.0, unist-util-position-from-estree@^1.1.0:
  version "1.1.1"
  resolved "https://registry.yarnpkg.com/unist-util-position-from-estree/-/unist-util-position-from-estree-1.1.1.tgz#96f4d543dfb0428edc01ebb928570b602d280c4c"
  integrity sha512-xtoY50b5+7IH8tFbkw64gisG9tMSpxDjhX9TmaJJae/XuxQ9R/Kc8Nv1eOsf43Gt4KV/LkriMy9mptDr7XLcaw==
  dependencies:
    "@types/unist" "^2.0.0"

unist-util-position@^4.0.0:
  version "4.0.1"
  resolved "https://registry.yarnpkg.com/unist-util-position/-/unist-util-position-4.0.1.tgz#f8484b2da19a897a0180556d160c28633070dbb9"
  integrity sha512-mgy/zI9fQ2HlbOtTdr2w9lhVaiFUHWQnZrFF2EUoVOqtAUdzqMtNiD99qA5a1IcjWVR8O6aVYE9u7Z2z1v0SQA==

unist-util-remove-position@^4.0.0:
  version "4.0.1"
  resolved "https://registry.yarnpkg.com/unist-util-remove-position/-/unist-util-remove-position-4.0.1.tgz#d5b46a7304ac114c8d91990ece085ca7c2c135c8"
  integrity sha512-0yDkppiIhDlPrfHELgB+NLQD5mfjup3a8UYclHruTJWmY74je8g+CIFr79x5f6AkmzSwlvKLbs63hC0meOMowQ==
  dependencies:
    "@types/unist" "^2.0.0"
    unist-util-visit "^4.0.0"

unist-util-stringify-position@^3.0.0:
  version "3.0.0"
  resolved "https://registry.yarnpkg.com/unist-util-stringify-position/-/unist-util-stringify-position-3.0.0.tgz#d517d2883d74d0daa0b565adc3d10a02b4a8cde9"
  integrity sha512-SdfAl8fsDclywZpfMDTVDxA2V7LjtRDTOFd44wUJamgl6OlVngsqWjxvermMYf60elWHbxhuRCZml7AnuXCaSA==
  dependencies:
    "@types/unist" "^2.0.0"

unist-util-visit-parents@^4.0.0:
  version "4.1.1"
  resolved "https://registry.yarnpkg.com/unist-util-visit-parents/-/unist-util-visit-parents-4.1.1.tgz#e83559a4ad7e6048a46b1bdb22614f2f3f4724f2"
  integrity sha512-1xAFJXAKpnnJl8G7K5KgU7FY55y3GcLIXqkzUj5QF/QVP7biUm0K0O2oqVkYsdjzJKifYeWn9+o6piAK2hGSHw==
  dependencies:
    "@types/unist" "^2.0.0"
    unist-util-is "^5.0.0"

unist-util-visit-parents@^5.0.0:
  version "5.1.0"
  resolved "https://registry.yarnpkg.com/unist-util-visit-parents/-/unist-util-visit-parents-5.1.0.tgz#44bbc5d25f2411e7dfc5cecff12de43296aa8521"
  integrity sha512-y+QVLcY5eR/YVpqDsLf/xh9R3Q2Y4HxkZTp7ViLDU6WtJCEcPmRzW1gpdWDCDIqIlhuPDXOgttqPlykrHYDekg==
  dependencies:
    "@types/unist" "^2.0.0"
    unist-util-is "^5.0.0"

unist-util-visit@^3.0.0:
  version "3.1.0"
  resolved "https://registry.yarnpkg.com/unist-util-visit/-/unist-util-visit-3.1.0.tgz#9420d285e1aee938c7d9acbafc8e160186dbaf7b"
  integrity sha512-Szoh+R/Ll68QWAyQyZZpQzZQm2UPbxibDvaY8Xc9SUtYgPsDzx5AWSk++UUt2hJuow8mvwR+rG+LQLw+KsuAKA==
  dependencies:
    "@types/unist" "^2.0.0"
    unist-util-is "^5.0.0"
    unist-util-visit-parents "^4.0.0"

unist-util-visit@^4.0.0:
  version "4.1.0"
  resolved "https://registry.yarnpkg.com/unist-util-visit/-/unist-util-visit-4.1.0.tgz#f41e407a9e94da31594e6b1c9811c51ab0b3d8f5"
  integrity sha512-n7lyhFKJfVZ9MnKtqbsqkQEk5P1KShj0+//V7mAcoI6bpbUjh3C/OG8HVD+pBihfh6Ovl01m8dkcv9HNqYajmQ==
  dependencies:
    "@types/unist" "^2.0.0"
    unist-util-is "^5.0.0"
    unist-util-visit-parents "^5.0.0"

uvu@^0.5.0:
  version "0.5.2"
  resolved "https://registry.yarnpkg.com/uvu/-/uvu-0.5.2.tgz#c145e7f4b5becf80099cf22fd8a4a05f0112b2c0"
  integrity sha512-m2hLe7I2eROhh+tm3WE5cTo/Cv3WQA7Oc9f7JB6uWv+/zVKvfAm53bMyOoGOSZeQ7Ov2Fu9pLhFr7p07bnT20w==
  dependencies:
    dequal "^2.0.0"
    diff "^5.0.0"
    kleur "^4.0.3"
    sade "^1.7.3"
    totalist "^2.0.0"

vfile-message@^3.0.0:
  version "3.0.2"
  resolved "https://registry.yarnpkg.com/vfile-message/-/vfile-message-3.0.2.tgz#db7eaebe7fecb853010f2ef1664427f52baf8f74"
  integrity sha512-UUjZYIOg9lDRwwiBAuezLIsu9KlXntdxwG+nXnjuQAHvBpcX3x0eN8h+I7TkY5nkCXj+cWVp4ZqebtGBvok8ww==
  dependencies:
    "@types/unist" "^2.0.0"
    unist-util-stringify-position "^3.0.0"

vfile@^5.0.0:
  version "5.2.0"
  resolved "https://registry.yarnpkg.com/vfile/-/vfile-5.2.0.tgz#a32a646ff9251c274dbe8675644a39031025b369"
  integrity sha512-ftCpb6pU8Jrzcqku8zE6N3Gi4/RkDhRwEXSWudzZzA2eEOn/cBpsfk9aulCUR+j1raRSAykYQap9u6j6rhUaCA==
  dependencies:
    "@types/unist" "^2.0.0"
    is-buffer "^2.0.0"
    unist-util-stringify-position "^3.0.0"
    vfile-message "^3.0.0"

zwitch@^2.0.0:
  version "2.0.2"
  resolved "https://registry.yarnpkg.com/zwitch/-/zwitch-2.0.2.tgz#91f8d0e901ffa3d66599756dde7f57b17c95dce1"
  integrity sha512-JZxotl7SxAJH0j7dN4pxsTV6ZLXoLdGME+PsjkL/DaBrVryK9kTGq06GfKrwcSOqypP+fdXGoCHE36b99fWVoA==
