# THIS IS AN AUTOGENERATED FILE. DO NOT EDIT THIS FILE DIRECTLY.
# yarn lockfile v1


"@swc/plugin-internal-test-android-arm64@0.1.9":
  version "0.1.9"
  resolved "https://registry.yarnpkg.com/@swc/plugin-internal-test-android-arm64/-/plugin-internal-test-android-arm64-0.1.9.tgz#d15bc406cd3abda4ef7103346eed381c2db2fdc9"
  integrity sha512-0o3PBTeFoWOH7+fVVYT0OJzNaEzlnIaYWxM2PCXsu+bRZ4sJSpCZSxgdvjVMDUsU9lH6oP5qMKFUqBt8AMkJeQ==

"@swc/plugin-internal-test-darwin-arm64@0.1.9":
  version "0.1.9"
  resolved "https://registry.yarnpkg.com/@swc/plugin-internal-test-darwin-arm64/-/plugin-internal-test-darwin-arm64-0.1.9.tgz#b1f2cdc95fa0525f37761f3c57a45d82b78993cf"
  integrity sha512-YRUmzN3fA2gPIITaLnTuo9K0VVo7QM+XTFUJYb0egadq1KhQAZLfaCoCvoGgWinKiQdoVCaqDohsmkK8ftBrbA==

"@swc/plugin-internal-test-darwin-x64@0.1.9":
  version "0.1.9"
  resolved "https://registry.yarnpkg.com/@swc/plugin-internal-test-darwin-x64/-/plugin-internal-test-darwin-x64-0.1.9.tgz#c1c4b3cb7fede0f4be87f147908dce53bcf099b8"
  integrity sha512-jgbCpZfEF4ygVaT9puqr14odRYRHITP0lFNf7/uLn4cJLiGbCMrodePNcP5Y9fwqC39BmFv7Nlzp9v3HwIrqCg==

"@swc/plugin-internal-test-linux-arm-gnueabihf@0.1.9":
  version "0.1.9"
  resolved "https://registry.yarnpkg.com/@swc/plugin-internal-test-linux-arm-gnueabihf/-/plugin-internal-test-linux-arm-gnueabihf-0.1.9.tgz#35a3d7492f1afb82b0f58dabd6df1aaa6054c758"
  integrity sha512-cu+dOf3rcMlGP1IhGaN+Xmh2EDrPagoD+lA0TYefbc3hJakE5zJIW59LIwvL2XNDwKwXCw8nxHhReiVfjgLJzg==

"@swc/plugin-internal-test-linux-arm64-gnu@0.1.9":
  version "0.1.9"
  resolved "https://registry.yarnpkg.com/@swc/plugin-internal-test-linux-arm64-gnu/-/plugin-internal-test-linux-arm64-gnu-0.1.9.tgz#bf87c203b30d82da0abfaa6f7240a409bd94aee7"
  integrity sha512-Dd3WVPdXXdteVoLzosoh3z6QrdOhBndNooY/7/jJU1DmDq1X1PIwmCtvxbwlx+KuakPjpkSckT+Cu586ziEN7g==

"@swc/plugin-internal-test-linux-x64-gnu@0.1.9":
  version "0.1.9"
  resolved "https://registry.yarnpkg.com/@swc/plugin-internal-test-linux-x64-gnu/-/plugin-internal-test-linux-x64-gnu-0.1.9.tgz#3df0351d3b1cbf9cf354b0b5148c9078e799c563"
  integrity sha512-iBseGXwbfD5iCoeBlMhlTbw9IlFBEpMpg32XeuM89oEPHyAXpkpXlg0285hTGlL8qnVB68hfaNh8wtKJnHyXGg==

"@swc/plugin-internal-test-win32-x64-msvc@0.1.9":
  version "0.1.9"
  resolved "https://registry.yarnpkg.com/@swc/plugin-internal-test-win32-x64-msvc/-/plugin-internal-test-win32-x64-msvc-0.1.9.tgz#5d9c209093a3b8295aaaa3c333b4cd59f0c8b51d"
  integrity sha512-PTgw9GySQ5IoBhdIqjb7tZgjLi7r9nfnELscp4RyqLkyvHN4bZ66H/pwjPjhgfbaPv9sdTNxp75m/M2kXDnIDQ==

"@swc/plugin-internal-test@^0.1.4":
  version "0.1.9"
  resolved "https://registry.yarnpkg.com/@swc/plugin-internal-test/-/plugin-internal-test-0.1.9.tgz#cfc8d2b107e8d55605c0aff4fa1600636c56dc37"
  integrity sha512-d17B27XV5k9qdenLReE5GcirSqvUNgJK9+g5QNFayFSpLcHokGugLGf5dA5a5NBIAoziWzaQqFGpGIVeweNnDg==
  optionalDependencies:
    "@swc/plugin-internal-test-android-arm64" "0.1.9"
    "@swc/plugin-internal-test-darwin-arm64" "0.1.9"
    "@swc/plugin-internal-test-darwin-x64" "0.1.9"
    "@swc/plugin-internal-test-linux-arm-gnueabihf" "0.1.9"
    "@swc/plugin-internal-test-linux-arm64-gnu" "0.1.9"
    "@swc/plugin-internal-test-linux-x64-gnu" "0.1.9"
    "@swc/plugin-internal-test-win32-x64-msvc" "0.1.9"
