# THIS IS AN AUTOGENERATED FILE. DO NOT EDIT THIS FILE DIRECTLY.
# yarn lockfile v1


"@swc/plugin-internal-test-android-arm64@0.1.4":
  version "0.1.4"
  resolved "https://registry.yarnpkg.com/@swc/plugin-internal-test-android-arm64/-/plugin-internal-test-android-arm64-0.1.4.tgz#88ad07f1bcf1f5db36d37f5fccea3ed09c8fa030"
  integrity sha512-w9KviwUZNm5OF7tbDomA359HC225mPEdn33jFosUN7VuHsgYpQsVIta4Bv50wywZIlDSH7BdSOGqcIlDajGrNw==

"@swc/plugin-internal-test-darwin-arm64@0.1.4":
  version "0.1.4"
  resolved "https://registry.yarnpkg.com/@swc/plugin-internal-test-darwin-arm64/-/plugin-internal-test-darwin-arm64-0.1.4.tgz#8f158c8bffc68d1c4e69b62f494f6389ef4ad92c"
  integrity sha512-pebmMJW7NOiFxKnAuNN6bb7sI48CI3A+XPZUBnajk32XyUdvnEiOp5fuokGfRx8FnXVhW/g/62pfZeyKi/RDyA==

"@swc/plugin-internal-test-darwin-x64@0.1.4":
  version "0.1.4"
  resolved "https://registry.yarnpkg.com/@swc/plugin-internal-test-darwin-x64/-/plugin-internal-test-darwin-x64-0.1.4.tgz#0c31a98b0528e6e83ecead3f59a463c5bfdafd89"
  integrity sha512-24mllImFoL+tzNm2om1wm2QjoBplOckCwIRAXBNqk58m2nyEzUVWVWGYryOWOv90EIjv1p2DDIlMLCz28iBUcw==

"@swc/plugin-internal-test-linux-arm-gnueabihf@0.1.4":
  version "0.1.4"
  resolved "https://registry.yarnpkg.com/@swc/plugin-internal-test-linux-arm-gnueabihf/-/plugin-internal-test-linux-arm-gnueabihf-0.1.4.tgz#61018ea9e8b707e171fd711f637b9685762f2541"
  integrity sha512-ftybUp7+fPEbj26CMNElXYn1RTfphoNBReDcEFRcmHJrkhEFx0D2XSWSOlqw4IEq0I2U/SDYtOL3YvHZvw71BQ==

"@swc/plugin-internal-test-linux-arm64-gnu@0.1.4":
  version "0.1.4"
  resolved "https://registry.yarnpkg.com/@swc/plugin-internal-test-linux-arm64-gnu/-/plugin-internal-test-linux-arm64-gnu-0.1.4.tgz#ee70fec5447e1816b60f29470346a5610ad28f22"
  integrity sha512-Xjke4Vms9Xp9P/DbZ7Qy8gOb/iCcUMPHwgeyfiWEPhXHM3L/nL89jVV+iir6FZVo4PxUHLPR/womaTX2MhMKMg==

"@swc/plugin-internal-test-linux-x64-gnu@0.1.4":
  version "0.1.4"
  resolved "https://registry.yarnpkg.com/@swc/plugin-internal-test-linux-x64-gnu/-/plugin-internal-test-linux-x64-gnu-0.1.4.tgz#a50118db395c6a8ec1904f358e5e8cf6d016593b"
  integrity sha512-9htof6R02MFVHStIi8QcHoNRwqrO+T42CgRaZSb3Qoz7LnqIVl1WwKFQMfeg2NimhUAoaQqQfGNdDRNfsJcYdQ==

"@swc/plugin-internal-test-win32-x64-msvc@0.1.4":
  version "0.1.4"
  resolved "https://registry.yarnpkg.com/@swc/plugin-internal-test-win32-x64-msvc/-/plugin-internal-test-win32-x64-msvc-0.1.4.tgz#9e3c4fcbf629dee3b5ba206fbcdb47a314895efa"
  integrity sha512-iaSne8mUDumss+royZyL/e3qEOarIn5CN7vusqsI/r2nED7VVjSsOs1gb7VD2A5c3MV+VdqC6/bJDZHKpBQJIw==

"@swc/plugin-internal-test@^0.1.4":
  version "0.1.4"
  resolved "https://registry.yarnpkg.com/@swc/plugin-internal-test/-/plugin-internal-test-0.1.4.tgz#a5ec2d9ac17242df73d76e14d40117be42c5ee55"
  integrity sha512-Mwa3++GdFo9NOx5MMs0EVoFPMTJ1viY6zOqhiTkSX8t7v2yAk6dKpCZkaPgdgk7IDSMu1ZKHUlMFoGrXi4xuew==
  optionalDependencies:
    "@swc/plugin-internal-test-android-arm64" "0.1.4"
    "@swc/plugin-internal-test-darwin-arm64" "0.1.4"
    "@swc/plugin-internal-test-darwin-x64" "0.1.4"
    "@swc/plugin-internal-test-linux-arm-gnueabihf" "0.1.4"
    "@swc/plugin-internal-test-linux-arm64-gnu" "0.1.4"
    "@swc/plugin-internal-test-linux-x64-gnu" "0.1.4"
    "@swc/plugin-internal-test-win32-x64-msvc" "0.1.4"
