# THIS IS AN AUTOGENERATED FILE. DO NOT EDIT THIS FILE DIRECTLY.
# yarn lockfile v1


"@swc/plugin-internal-test-android-arm64@0.1.11":
  version "0.1.11"
  resolved "https://registry.yarnpkg.com/@swc/plugin-internal-test-android-arm64/-/plugin-internal-test-android-arm64-0.1.11.tgz#eeb786e0fb5475520aa8e627054be47546d13d7e"
  integrity sha512-uDoVH5cQ/FoG+DPgElipE7dcQqw+1LVTkz+G8N6eY4Ah7qlu9QK9wevlJQF8RO9SyMIRG+/I6rEao6f5j0xXSA==

"@swc/plugin-internal-test-darwin-arm64@0.1.11":
  version "0.1.11"
  resolved "https://registry.yarnpkg.com/@swc/plugin-internal-test-darwin-arm64/-/plugin-internal-test-darwin-arm64-0.1.11.tgz#98842be693ef5ae240a7afc1b1cc18fde1cc0f3a"
  integrity sha512-3eekNR6zKmRW89rSfio6ORBGr4BnVCeL5cGHVfbaObiObxio0scWIMhBfJaq7JtuqotbKTRgwFitYMq1l8FmBQ==

"@swc/plugin-internal-test-darwin-x64@0.1.11":
  version "0.1.11"
  resolved "https://registry.yarnpkg.com/@swc/plugin-internal-test-darwin-x64/-/plugin-internal-test-darwin-x64-0.1.11.tgz#d7a369e1b17aa2c98cd62c5bb2df72aeebae52f9"
  integrity sha512-T7mn2SSaHXFBqGDiRNb0RPiwg21Zjhqo23E+Gs5T/886bw9utldNODaLxIjlxxt4gSo/6XVMPA9/71UtUsHklQ==

"@swc/plugin-internal-test-linux-arm-gnueabihf@0.1.11":
  version "0.1.11"
  resolved "https://registry.yarnpkg.com/@swc/plugin-internal-test-linux-arm-gnueabihf/-/plugin-internal-test-linux-arm-gnueabihf-0.1.11.tgz#beacbbc57c4d2102e7894d0e75ed00040ca3c42c"
  integrity sha512-pQM7TRo5+FvFIkx/fQsUKQaakwynR9d3t1E9dqx5JBPoX4zvGl6soRSMVTzP8i9OF6N5Xnh2bLvnCDBXj7EZSw==

"@swc/plugin-internal-test-linux-arm64-gnu@0.1.11":
  version "0.1.11"
  resolved "https://registry.yarnpkg.com/@swc/plugin-internal-test-linux-arm64-gnu/-/plugin-internal-test-linux-arm64-gnu-0.1.11.tgz#91dd68ccce980b8e5e884a24d952809d120a6e86"
  integrity sha512-qZeyehusOyY6UphnJq8ndIfUB4WT4aznvLPkoKQ1MK9hllhf7ZBfYgtLmqrCgOMBRP2FYWt0bvLnJd1wKFBD1A==

"@swc/plugin-internal-test-linux-arm64-musl@0.1.11":
  version "0.1.11"
  resolved "https://registry.yarnpkg.com/@swc/plugin-internal-test-linux-arm64-musl/-/plugin-internal-test-linux-arm64-musl-0.1.11.tgz#c6f53b130742628a47a121603f60dfa9c825e2aa"
  integrity sha512-tqWsGF4syncKN38bHWtEbrDZd3de0P+IVlOwZe0qg6h7AG5pliGkmNfeFSv9C9biLtyxBfPpmSeePTTwxrlsSg==

"@swc/plugin-internal-test-linux-x64-gnu@0.1.11":
  version "0.1.11"
  resolved "https://registry.yarnpkg.com/@swc/plugin-internal-test-linux-x64-gnu/-/plugin-internal-test-linux-x64-gnu-0.1.11.tgz#8f3f5574920048c3064b8d266868e6a9b241afc4"
  integrity sha512-XV7CGs8+YvLtURuas1us083NCSG6k21t6Iyw1amvlgerkJsK41FYKgeYBG9f00qXWLvOv3DomoTgFP9ZTbSe/w==

"@swc/plugin-internal-test-win32-x64-msvc@0.1.11":
  version "0.1.11"
  resolved "https://registry.yarnpkg.com/@swc/plugin-internal-test-win32-x64-msvc/-/plugin-internal-test-win32-x64-msvc-0.1.11.tgz#cfb3fddc66ef20c151405c6e643113fc3886549e"
  integrity sha512-J3xe52GzbX1LQKxozJ2wOXQkA1chQ9eAWtZdByMKDWSvRi3hb4Jerafj73I/VQ4FGxzo9ngsFSiz45gx2wZdYA==

"@swc/plugin-internal-test@^0.1.4":
  version "0.1.11"
  resolved "https://registry.yarnpkg.com/@swc/plugin-internal-test/-/plugin-internal-test-0.1.11.tgz#039e8b2b1c2187f2cc5ad39cc8ac510a3125682f"
  integrity sha512-39htlvOckYDkjlhtPBzbbeAqUTd/HwUFL0G9c/pUu7wioZQH4+FG+kJC/HMUVZvP0eBhLvEzWs+Y0EyMPTtpCg==
  optionalDependencies:
    "@swc/plugin-internal-test-android-arm64" "0.1.11"
    "@swc/plugin-internal-test-darwin-arm64" "0.1.11"
    "@swc/plugin-internal-test-darwin-x64" "0.1.11"
    "@swc/plugin-internal-test-linux-arm-gnueabihf" "0.1.11"
    "@swc/plugin-internal-test-linux-arm64-gnu" "0.1.11"
    "@swc/plugin-internal-test-linux-arm64-musl" "0.1.11"
    "@swc/plugin-internal-test-linux-x64-gnu" "0.1.11"
    "@swc/plugin-internal-test-win32-x64-msvc" "0.1.11"
