# This file is generated by running "yarn install" inside your project.
# Manual changes might be lost - proceed with caution!

__metadata:
  version: 6
  cacheKey: 8

"@ast-grep/napi-darwin-arm64@npm:0.3.3":
  version: 0.3.3
  resolution: "@ast-grep/napi-darwin-arm64@npm:0.3.3"
  conditions: os=darwin & cpu=arm64
  languageName: node
  linkType: hard

"@ast-grep/napi-darwin-x64@npm:0.3.3":
  version: 0.3.3
  resolution: "@ast-grep/napi-darwin-x64@npm:0.3.3"
  conditions: os=darwin & cpu=x64
  languageName: node
  linkType: hard

"@ast-grep/napi-linux-x64-gnu@npm:0.3.3":
  version: 0.3.3
  resolution: "@ast-grep/napi-linux-x64-gnu@npm:0.3.3"
  conditions: os=linux & cpu=x64 & libc=glibc
  languageName: node
  linkType: hard

"@ast-grep/napi-win32-arm64-msvc@npm:0.3.3":
  version: 0.3.3
  resolution: "@ast-grep/napi-win32-arm64-msvc@npm:0.3.3"
  conditions: os=win32 & cpu=arm64
  languageName: node
  linkType: hard

"@ast-grep/napi-win32-ia32-msvc@npm:0.3.3":
  version: 0.3.3
  resolution: "@ast-grep/napi-win32-ia32-msvc@npm:0.3.3"
  conditions: os=win32 & cpu=ia32
  languageName: node
  linkType: hard

"@ast-grep/napi-win32-x64-msvc@npm:0.3.3":
  version: 0.3.3
  resolution: "@ast-grep/napi-win32-x64-msvc@npm:0.3.3"
  conditions: os=win32 & cpu=x64
  languageName: node
  linkType: hard

"@ast-grep/napi@npm:^0.3.1":
  version: 0.3.3
  resolution: "@ast-grep/napi@npm:0.3.3"
  dependencies:
    "@ast-grep/napi-darwin-arm64": 0.3.3
    "@ast-grep/napi-darwin-x64": 0.3.3
    "@ast-grep/napi-linux-x64-gnu": 0.3.3
    "@ast-grep/napi-win32-arm64-msvc": 0.3.3
    "@ast-grep/napi-win32-ia32-msvc": 0.3.3
    "@ast-grep/napi-win32-x64-msvc": 0.3.3
  dependenciesMeta:
    "@ast-grep/napi-darwin-arm64":
      optional: true
    "@ast-grep/napi-darwin-x64":
      optional: true
    "@ast-grep/napi-linux-x64-gnu":
      optional: true
    "@ast-grep/napi-win32-arm64-msvc":
      optional: true
    "@ast-grep/napi-win32-ia32-msvc":
      optional: true
    "@ast-grep/napi-win32-x64-msvc":
      optional: true
  checksum: 1f2ce3041cdd93337fcbb24b6dd3ba1e3ee4f4dc621c738ebeee482e5de1d183db976986a21060601ced778a2c0146961f4696858f20c62cb05a9ebebd81d2c7
  languageName: node
  linkType: hard

"@jridgewell/sourcemap-codec@npm:^1.4.15":
  version: 1.4.15
  resolution: "@jridgewell/sourcemap-codec@npm:1.4.15"
  checksum: b881c7e503db3fc7f3c1f35a1dd2655a188cc51a3612d76efc8a6eb74728bef5606e6758ee77423e564092b4a518aba569bbb21c9bac5ab7a35b0c6ae7e344c8
  languageName: node
  linkType: hard

"@napi-rs/cli@npm:^2.16.3":
  version: 2.16.3
  resolution: "@napi-rs/cli@npm:2.16.3"
  bin:
    napi: scripts/index.js
  checksum: 11f78b09548bc5c22df56e4fab4a87b68c2d3f2a18a55cf11e775e6a4cb5739ec0e21a14e614db2cdc2b9773cb42536c6bd00c3f85d3b461f956594f8a89ddcb
  languageName: node
  linkType: hard

"@nodelib/fs.scandir@npm:2.1.5":
  version: 2.1.5
  resolution: "@nodelib/fs.scandir@npm:2.1.5"
  dependencies:
    "@nodelib/fs.stat": 2.0.5
    run-parallel: ^1.1.9
  checksum: a970d595bd23c66c880e0ef1817791432dbb7acbb8d44b7e7d0e7a22f4521260d4a83f7f9fd61d44fda4610105577f8f58a60718105fb38352baed612fd79e59
  languageName: node
  linkType: hard

"@nodelib/fs.stat@npm:2.0.5, @nodelib/fs.stat@npm:^2.0.2":
  version: 2.0.5
  resolution: "@nodelib/fs.stat@npm:2.0.5"
  checksum: 012480b5ca9d97bff9261571dbbec7bbc6033f69cc92908bc1ecfad0792361a5a1994bc48674b9ef76419d056a03efadfce5a6cf6dbc0a36559571a7a483f6f0
  languageName: node
  linkType: hard

"@nodelib/fs.walk@npm:^1.2.3":
  version: 1.2.8
  resolution: "@nodelib/fs.walk@npm:1.2.8"
  dependencies:
    "@nodelib/fs.scandir": 2.1.5
    fastq: ^1.6.0
  checksum: 190c643f156d8f8f277bf2a6078af1ffde1fd43f498f187c2db24d35b4b4b5785c02c7dc52e356497b9a1b65b13edc996de08de0b961c32844364da02986dc53
  languageName: node
  linkType: hard

"@swc-lab/html@workspace:html":
  version: 0.0.0-use.local
  resolution: "@swc-lab/html@workspace:html"
  dependencies:
    "@napi-rs/cli": ^2.16.3
    "@swc/counter": ^0.1.1
    "@swc/types": "workspace:^"
    "@types/node": ^20.7.1
    cross-env: ^7.0.3
    typescript: ^5.2.2
  languageName: unknown
  linkType: soft

"@swc-lab/xml@workspace:xml":
  version: 0.0.0-use.local
  resolution: "@swc-lab/xml@workspace:xml"
  dependencies:
    "@napi-rs/cli": ^2.16.3
    "@swc/counter": ^0.1.1
    "@swc/types": "workspace:^"
    "@types/node": ^20.7.1
    cross-env: ^7.0.3
    typescript: ^5.2.2
  languageName: unknown
  linkType: soft

"@swc/counter@^0.1.1, @swc/counter@workspace:^, @swc/counter@workspace:counter":
  version: 0.0.0-use.local
  resolution: "@swc/counter@workspace:counter"
  languageName: unknown
  linkType: soft

"@swc/helpers@workspace:helpers":
  version: 0.0.0-use.local
  resolution: "@swc/helpers@workspace:helpers"
  dependencies:
    "@ast-grep/napi": ^0.3.1
    dprint: ^0.35.3
    magic-string: ^0.30.0
    tslib: ^2.4.0
    zx: ^7.2.1
  languageName: unknown
  linkType: soft

"@swc/minifier@workspace:minifier":
  version: 0.0.0-use.local
  resolution: "@swc/minifier@workspace:minifier"
  dependencies:
    "@napi-rs/cli": ^2.16.3
    "@swc/counter": "workspace:^"
    "@swc/types": "workspace:^"
    "@types/node": ^20.7.1
    cross-env: ^7.0.3
    typescript: ^5.2.2
  languageName: unknown
  linkType: soft

"@swc/types@workspace:^, @swc/types@workspace:types":
  version: 0.0.0-use.local
  resolution: "@swc/types@workspace:types"
  dependencies:
    typescript: ^5.2.2
  languageName: unknown
  linkType: soft

"@swc/workspace@workspace:.":
  version: 0.0.0-use.local
  resolution: "@swc/workspace@workspace:."
  dependencies:
    prettier: ^3.0.3
  languageName: unknown
  linkType: soft

"@types/fs-extra@npm:^11.0.1":
  version: 11.0.1
  resolution: "@types/fs-extra@npm:11.0.1"
  dependencies:
    "@types/jsonfile": "*"
    "@types/node": "*"
  checksum: 3e930346e5d84f419deb8ced1c582beef8cb20d0bd8a0eb145a37d75bab0572a1895f0e48a0d681d386b3a58b9a992b2d2acecc464bcaec2548f53ea00718651
  languageName: node
  linkType: hard

"@types/jsonfile@npm:*":
  version: 6.1.1
  resolution: "@types/jsonfile@npm:6.1.1"
  dependencies:
    "@types/node": "*"
  checksum: 0f8fe0a9221a00e8413cffba723dfe16553868724b830237256fb0052ecd5cac96498189d1235a001cfa815f352008261c9ceb373f0aa58227f891e0c7a12c4d
  languageName: node
  linkType: hard

"@types/minimist@npm:^1.2.2":
  version: 1.2.2
  resolution: "@types/minimist@npm:1.2.2"
  checksum: b8da83c66eb4aac0440e64674b19564d9d86c80ae273144db9681e5eeff66f238ade9515f5006ffbfa955ceff8b89ad2bd8ec577d7caee74ba101431fb07045d
  languageName: node
  linkType: hard

"@types/node@npm:*":
  version: 20.5.0
  resolution: "@types/node@npm:20.5.0"
  checksum: 659bc5fc93b5c02bd88ca4bfae4f6b9dc307d45884d1dd9d69df85819a9943cdc00cd3c87eec3048866df6a67f52297f74d170e47a44f61edb3e8f770d94e85e
  languageName: node
  linkType: hard

"@types/node@npm:^18.16.3":
  version: 18.17.5
  resolution: "@types/node@npm:18.17.5"
  checksum: b8c658a99234b99425243c324b641ed7b9ceb6bee6b06421fdc9bb7c58f9a5552e353225cc549e6982462ac384abe1985022ed76e2e4728797f59b21f659ca2b
  languageName: node
  linkType: hard

"@types/node@npm:^20.7.1":
  version: 20.7.1
  resolution: "@types/node@npm:20.7.1"
  checksum: 3140bd6c9130f1ed73a78ce7a1765ee43e155c1eea50eea45e18faeb31d11d97a84fffdc5e3a97582101d2f57d2652a50f510ede6c702780267bad74c822d56c
  languageName: node
  linkType: hard

"@types/ps-tree@npm:^1.1.2":
  version: 1.1.2
  resolution: "@types/ps-tree@npm:1.1.2"
  checksum: 575c3b2b83ea8935ab296ac9e17f6a2c1a5bb155f9e30663bb7a7c741a8ca4641f0df9748866230f1d6c3f87ed4ffa3fa91f1df444ef9979a3df31114534bf25
  languageName: node
  linkType: hard

"@types/which@npm:^3.0.0":
  version: 3.0.0
  resolution: "@types/which@npm:3.0.0"
  checksum: 0dccb4b39b19dbf24e45461da581e1e6329ca06f28e467348d982d57ce4da342762c6594d3aa759682d26b9238e0a05938eb64221e7420ea890a1aaca22c2fca
  languageName: node
  linkType: hard

"agent-base@npm:6":
  version: 6.0.2
  resolution: "agent-base@npm:6.0.2"
  dependencies:
    debug: 4
  checksum: f52b6872cc96fd5f622071b71ef200e01c7c4c454ee68bc9accca90c98cfb39f2810e3e9aa330435835eedc8c23f4f8a15267f67c6e245d2b33757575bdac49d
  languageName: node
  linkType: hard

"braces@npm:^3.0.2":
  version: 3.0.2
  resolution: "braces@npm:3.0.2"
  dependencies:
    fill-range: ^7.0.1
  checksum: e2a8e769a863f3d4ee887b5fe21f63193a891c68b612ddb4b68d82d1b5f3ff9073af066c343e9867a393fe4c2555dcb33e89b937195feb9c1613d259edfcd459
  languageName: node
  linkType: hard

"buffer-crc32@npm:~0.2.3":
  version: 0.2.13
  resolution: "buffer-crc32@npm:0.2.13"
  checksum: 06252347ae6daca3453b94e4b2f1d3754a3b146a111d81c68924c22d91889a40623264e95e67955b1cb4a68cbedf317abeabb5140a9766ed248973096db5ce1c
  languageName: node
  linkType: hard

"chalk@npm:^5.2.0":
  version: 5.3.0
  resolution: "chalk@npm:5.3.0"
  checksum: 623922e077b7d1e9dedaea6f8b9e9352921f8ae3afe739132e0e00c275971bdd331268183b2628cf4ab1727c45ea1f28d7e24ac23ce1db1eb653c414ca8a5a80
  languageName: node
  linkType: hard

"cross-env@npm:^7.0.3":
  version: 7.0.3
  resolution: "cross-env@npm:7.0.3"
  dependencies:
    cross-spawn: ^7.0.1
  bin:
    cross-env: src/bin/cross-env.js
    cross-env-shell: src/bin/cross-env-shell.js
  checksum: 26f2f3ea2ab32617f57effb70d329c2070d2f5630adc800985d8b30b56e8bf7f5f439dd3a0358b79cee6f930afc23cf8e23515f17ccfb30092c6b62c6b630a79
  languageName: node
  linkType: hard

"cross-spawn@npm:^7.0.1":
  version: 7.0.3
  resolution: "cross-spawn@npm:7.0.3"
  dependencies:
    path-key: ^3.1.0
    shebang-command: ^2.0.0
    which: ^2.0.1
  checksum: 671cc7c7288c3a8406f3c69a3ae2fc85555c04169e9d611def9a675635472614f1c0ed0ef80955d5b6d4e724f6ced67f0ad1bb006c2ea643488fcfef994d7f52
  languageName: node
  linkType: hard

"data-uri-to-buffer@npm:^4.0.0":
  version: 4.0.1
  resolution: "data-uri-to-buffer@npm:4.0.1"
  checksum: 0d0790b67ffec5302f204c2ccca4494f70b4e2d940fea3d36b09f0bb2b8539c2e86690429eb1f1dc4bcc9e4df0644193073e63d9ee48ac9fce79ec1506e4aa4c
  languageName: node
  linkType: hard

"debug@npm:4":
  version: 4.3.4
  resolution: "debug@npm:4.3.4"
  dependencies:
    ms: 2.1.2
  peerDependenciesMeta:
    supports-color:
      optional: true
  checksum: 3dbad3f94ea64f34431a9cbf0bafb61853eda57bff2880036153438f50fb5a84f27683ba0d8e5426bf41a8c6ff03879488120cf5b3a761e77953169c0600a708
  languageName: node
  linkType: hard

"dir-glob@npm:^3.0.1":
  version: 3.0.1
  resolution: "dir-glob@npm:3.0.1"
  dependencies:
    path-type: ^4.0.0
  checksum: fa05e18324510d7283f55862f3161c6759a3f2f8dbce491a2fc14c8324c498286c54282c1f0e933cb930da8419b30679389499b919122952a4f8592362ef4615
  languageName: node
  linkType: hard

"dprint@npm:^0.35.3":
  version: 0.35.4
  resolution: "dprint@npm:0.35.4"
  dependencies:
    https-proxy-agent: =5.0.1
    yauzl: =2.10.0
  bin:
    dprint: bin.js
  checksum: 7fe3d745f057a7d8abfb75b5bc33df39da680f473fe8a8cd77eb03d37fcd98636baaaaccfe01226061b62c6bd46503d76350a3cd621ae4e0872d4fe7c546e7ea
  languageName: node
  linkType: hard

"duplexer@npm:~0.1.1":
  version: 0.1.2
  resolution: "duplexer@npm:0.1.2"
  checksum: 62ba61a830c56801db28ff6305c7d289b6dc9f859054e8c982abd8ee0b0a14d2e9a8e7d086ffee12e868d43e2bbe8a964be55ddbd8c8957714c87373c7a4f9b0
  languageName: node
  linkType: hard

"event-stream@npm:=3.3.4":
  version: 3.3.4
  resolution: "event-stream@npm:3.3.4"
  dependencies:
    duplexer: ~0.1.1
    from: ~0
    map-stream: ~0.1.0
    pause-stream: 0.0.11
    split: 0.3
    stream-combiner: ~0.0.4
    through: ~2.3.1
  checksum: 80b467820b6daf824d9fb4345d2daf115a056e5c104463f2e98534e92d196a27f2df5ea2aa085624db26f4c45698905499e881d13bc7c01f7a13eac85be72a22
  languageName: node
  linkType: hard

"fast-glob@npm:^3.3.0":
  version: 3.3.1
  resolution: "fast-glob@npm:3.3.1"
  dependencies:
    "@nodelib/fs.stat": ^2.0.2
    "@nodelib/fs.walk": ^1.2.3
    glob-parent: ^5.1.2
    merge2: ^1.3.0
    micromatch: ^4.0.4
  checksum: b6f3add6403e02cf3a798bfbb1183d0f6da2afd368f27456010c0bc1f9640aea308243d4cb2c0ab142f618276e65ecb8be1661d7c62a7b4e5ba774b9ce5432e5
  languageName: node
  linkType: hard

"fastq@npm:^1.6.0":
  version: 1.15.0
  resolution: "fastq@npm:1.15.0"
  dependencies:
    reusify: ^1.0.4
  checksum: 0170e6bfcd5d57a70412440b8ef600da6de3b2a6c5966aeaf0a852d542daff506a0ee92d6de7679d1de82e644bce69d7a574a6c93f0b03964b5337eed75ada1a
  languageName: node
  linkType: hard

"fd-slicer@npm:~1.1.0":
  version: 1.1.0
  resolution: "fd-slicer@npm:1.1.0"
  dependencies:
    pend: ~1.2.0
  checksum: c8585fd5713f4476eb8261150900d2cb7f6ff2d87f8feb306ccc8a1122efd152f1783bdb2b8dc891395744583436bfd8081d8e63ece0ec8687eeefea394d4ff2
  languageName: node
  linkType: hard

"fetch-blob@npm:^3.1.2, fetch-blob@npm:^3.1.4":
  version: 3.2.0
  resolution: "fetch-blob@npm:3.2.0"
  dependencies:
    node-domexception: ^1.0.0
    web-streams-polyfill: ^3.0.3
  checksum: f19bc28a2a0b9626e69fd7cf3a05798706db7f6c7548da657cbf5026a570945f5eeaedff52007ea35c8bcd3d237c58a20bf1543bc568ab2422411d762dd3d5bf
  languageName: node
  linkType: hard

"fill-range@npm:^7.0.1":
  version: 7.0.1
  resolution: "fill-range@npm:7.0.1"
  dependencies:
    to-regex-range: ^5.0.1
  checksum: cc283f4e65b504259e64fd969bcf4def4eb08d85565e906b7d36516e87819db52029a76b6363d0f02d0d532f0033c9603b9e2d943d56ee3b0d4f7ad3328ff917
  languageName: node
  linkType: hard

"formdata-polyfill@npm:^4.0.10":
  version: 4.0.10
  resolution: "formdata-polyfill@npm:4.0.10"
  dependencies:
    fetch-blob: ^3.1.2
  checksum: 82a34df292afadd82b43d4a740ce387bc08541e0a534358425193017bf9fb3567875dc5f69564984b1da979979b70703aa73dee715a17b6c229752ae736dd9db
  languageName: node
  linkType: hard

"from@npm:~0":
  version: 0.1.7
  resolution: "from@npm:0.1.7"
  checksum: b85125b7890489656eb2e4f208f7654a93ec26e3aefaf3bbbcc0d496fc1941e4405834fcc9fe7333192aa2187905510ace70417bbf9ac6f6f4784a731d986939
  languageName: node
  linkType: hard

"fs-extra@npm:^11.1.1":
  version: 11.1.1
  resolution: "fs-extra@npm:11.1.1"
  dependencies:
    graceful-fs: ^4.2.0
    jsonfile: ^6.0.1
    universalify: ^2.0.0
  checksum: fb883c68245b2d777fbc1f2082c9efb084eaa2bbf9fddaa366130d196c03608eebef7fb490541276429ee1ca99f317e2d73e96f5ca0999eefedf5a624ae1edfd
  languageName: node
  linkType: hard

"fx@npm:*":
  version: 28.0.0
  resolution: "fx@npm:28.0.0"
  bin:
    fx: index.js
  checksum: 4175077de379c3bcbcef585e50ac83f510d3f8dcf83247771faf9fee5aeb0a912e9ef1b8ffdd2feb73a40a56fd08aa2517205c239b3ead31520d944fd938b125
  languageName: node
  linkType: hard

"glob-parent@npm:^5.1.2":
  version: 5.1.2
  resolution: "glob-parent@npm:5.1.2"
  dependencies:
    is-glob: ^4.0.1
  checksum: f4f2bfe2425296e8a47e36864e4f42be38a996db40420fe434565e4480e3322f18eb37589617a98640c5dc8fdec1a387007ee18dbb1f3f5553409c34d17f425e
  languageName: node
  linkType: hard

"globby@npm:^13.1.4":
  version: 13.2.2
  resolution: "globby@npm:13.2.2"
  dependencies:
    dir-glob: ^3.0.1
    fast-glob: ^3.3.0
    ignore: ^5.2.4
    merge2: ^1.4.1
    slash: ^4.0.0
  checksum: f3d84ced58a901b4fcc29c846983108c426631fe47e94872868b65565495f7bee7b3defd68923bd480582771fd4bbe819217803a164a618ad76f1d22f666f41e
  languageName: node
  linkType: hard

"graceful-fs@npm:^4.1.6, graceful-fs@npm:^4.2.0":
  version: 4.2.11
  resolution: "graceful-fs@npm:4.2.11"
  checksum: ac85f94da92d8eb6b7f5a8b20ce65e43d66761c55ce85ac96df6865308390da45a8d3f0296dd3a663de65d30ba497bd46c696cc1e248c72b13d6d567138a4fc7
  languageName: node
  linkType: hard

"https-proxy-agent@npm:=5.0.1":
  version: 5.0.1
  resolution: "https-proxy-agent@npm:5.0.1"
  dependencies:
    agent-base: 6
    debug: 4
  checksum: 571fccdf38184f05943e12d37d6ce38197becdd69e58d03f43637f7fa1269cf303a7d228aa27e5b27bbd3af8f09fd938e1c91dcfefff2df7ba77c20ed8dfc765
  languageName: node
  linkType: hard

"ignore@npm:^5.2.4":
  version: 5.2.4
  resolution: "ignore@npm:5.2.4"
  checksum: 3d4c309c6006e2621659311783eaea7ebcd41fe4ca1d78c91c473157ad6666a57a2df790fe0d07a12300d9aac2888204d7be8d59f9aaf665b1c7fcdb432517ef
  languageName: node
  linkType: hard

"is-extglob@npm:^2.1.1":
  version: 2.1.1
  resolution: "is-extglob@npm:2.1.1"
  checksum: df033653d06d0eb567461e58a7a8c9f940bd8c22274b94bf7671ab36df5719791aae15eef6d83bbb5e23283967f2f984b8914559d4449efda578c775c4be6f85
  languageName: node
  linkType: hard

"is-glob@npm:^4.0.1":
  version: 4.0.3
  resolution: "is-glob@npm:4.0.3"
  dependencies:
    is-extglob: ^2.1.1
  checksum: d381c1319fcb69d341cc6e6c7cd588e17cd94722d9a32dbd60660b993c4fb7d0f19438674e68dfec686d09b7c73139c9166b47597f846af387450224a8101ab4
  languageName: node
  linkType: hard

"is-number@npm:^7.0.0":
  version: 7.0.0
  resolution: "is-number@npm:7.0.0"
  checksum: 456ac6f8e0f3111ed34668a624e45315201dff921e5ac181f8ec24923b99e9f32ca1a194912dc79d539c97d33dba17dc635202ff0b2cf98326f608323276d27a
  languageName: node
  linkType: hard

"isexe@npm:^2.0.0":
  version: 2.0.0
  resolution: "isexe@npm:2.0.0"
  checksum: 26bf6c5480dda5161c820c5b5c751ae1e766c587b1f951ea3fcfc973bafb7831ae5b54a31a69bd670220e42e99ec154475025a468eae58ea262f813fdc8d1c62
  languageName: node
  linkType: hard

"jsonfile@npm:^6.0.1":
  version: 6.1.0
  resolution: "jsonfile@npm:6.1.0"
  dependencies:
    graceful-fs: ^4.1.6
    universalify: ^2.0.0
  dependenciesMeta:
    graceful-fs:
      optional: true
  checksum: 7af3b8e1ac8fe7f1eccc6263c6ca14e1966fcbc74b618d3c78a0a2075579487547b94f72b7a1114e844a1e15bb00d440e5d1720bfc4612d790a6f285d5ea8354
  languageName: node
  linkType: hard

"magic-string@npm:^0.30.0":
  version: 0.30.2
  resolution: "magic-string@npm:0.30.2"
  dependencies:
    "@jridgewell/sourcemap-codec": ^1.4.15
  checksum: c0bbb9b27b2772e6bfaa5d0f6452d47c462d588ae7c43fbaac062b07836d3ec0140fcdd42a57aa53ed990abafcdd0fc17907813921b5df04eccf43e67674bc57
  languageName: node
  linkType: hard

"map-stream@npm:~0.1.0":
  version: 0.1.0
  resolution: "map-stream@npm:0.1.0"
  checksum: 38abbe4eb883888031e6b2fc0630bc583c99396be16b8ace5794b937b682a8a081f03e8b15bfd4914d1bc88318f0e9ac73ba3512ae65955cd449f63256ddb31d
  languageName: node
  linkType: hard

"merge2@npm:^1.3.0, merge2@npm:^1.4.1":
  version: 1.4.1
  resolution: "merge2@npm:1.4.1"
  checksum: 7268db63ed5169466540b6fb947aec313200bcf6d40c5ab722c22e242f651994619bcd85601602972d3c85bd2cc45a358a4c61937e9f11a061919a1da569b0c2
  languageName: node
  linkType: hard

"micromatch@npm:^4.0.4":
  version: 4.0.5
  resolution: "micromatch@npm:4.0.5"
  dependencies:
    braces: ^3.0.2
    picomatch: ^2.3.1
  checksum: 02a17b671c06e8fefeeb6ef996119c1e597c942e632a21ef589154f23898c9c6a9858526246abb14f8bca6e77734aa9dcf65476fca47cedfb80d9577d52843fc
  languageName: node
  linkType: hard

"minimist@npm:^1.2.8":
  version: 1.2.8
  resolution: "minimist@npm:1.2.8"
  checksum: 75a6d645fb122dad29c06a7597bddea977258957ed88d7a6df59b5cd3fe4a527e253e9bbf2e783e4b73657f9098b96a5fe96ab8a113655d4109108577ecf85b0
  languageName: node
  linkType: hard

"ms@npm:2.1.2":
  version: 2.1.2
  resolution: "ms@npm:2.1.2"
  checksum: 673cdb2c3133eb050c745908d8ce632ed2c02d85640e2edb3ace856a2266a813b30c613569bf3354fdf4ea7d1a1494add3bfa95e2713baa27d0c2c71fc44f58f
  languageName: node
  linkType: hard

"node-domexception@npm:^1.0.0":
  version: 1.0.0
  resolution: "node-domexception@npm:1.0.0"
  checksum: ee1d37dd2a4eb26a8a92cd6b64dfc29caec72bff5e1ed9aba80c294f57a31ba4895a60fd48347cf17dd6e766da0ae87d75657dfd1f384ebfa60462c2283f5c7f
  languageName: node
  linkType: hard

"node-fetch@npm:3.3.1":
  version: 3.3.1
  resolution: "node-fetch@npm:3.3.1"
  dependencies:
    data-uri-to-buffer: ^4.0.0
    fetch-blob: ^3.1.4
    formdata-polyfill: ^4.0.10
  checksum: 62145fd3ba4770a76110bc31fdc0054ab2f5442b5ce96e9c4b39fc9e94a3d305560eec76e1165d9259eab866e02a8eecf9301062bb5dfc9f08a4d08b69d223dd
  languageName: node
  linkType: hard

"path-key@npm:^3.1.0":
  version: 3.1.1
  resolution: "path-key@npm:3.1.1"
  checksum: 55cd7a9dd4b343412a8386a743f9c746ef196e57c823d90ca3ab917f90ab9f13dd0ded27252ba49dbdfcab2b091d998bc446f6220cd3cea65db407502a740020
  languageName: node
  linkType: hard

"path-type@npm:^4.0.0":
  version: 4.0.0
  resolution: "path-type@npm:4.0.0"
  checksum: 5b1e2daa247062061325b8fdbfd1fb56dde0a448fb1455453276ea18c60685bdad23a445dc148cf87bc216be1573357509b7d4060494a6fd768c7efad833ee45
  languageName: node
  linkType: hard

"pause-stream@npm:0.0.11":
  version: 0.0.11
  resolution: "pause-stream@npm:0.0.11"
  dependencies:
    through: ~2.3
  checksum: 3c4a14052a638b92e0c96eb00c0d7977df7f79ea28395250c525d197f1fc02d34ce1165d5362e2e6ebbb251524b94a76f3f0d4abc39ab8b016d97449fe15583c
  languageName: node
  linkType: hard

"pend@npm:~1.2.0":
  version: 1.2.0
  resolution: "pend@npm:1.2.0"
  checksum: 6c72f5243303d9c60bd98e6446ba7d30ae29e3d56fdb6fae8767e8ba6386f33ee284c97efe3230a0d0217e2b1723b8ab490b1bbf34fcbb2180dbc8a9de47850d
  languageName: node
  linkType: hard

"picomatch@npm:^2.3.1":
  version: 2.3.1
  resolution: "picomatch@npm:2.3.1"
  checksum: 050c865ce81119c4822c45d3c84f1ced46f93a0126febae20737bd05ca20589c564d6e9226977df859ed5e03dc73f02584a2b0faad36e896936238238b0446cf
  languageName: node
  linkType: hard

"prettier@npm:^3.0.3":
  version: 3.0.3
  resolution: "prettier@npm:3.0.3"
  bin:
    prettier: bin/prettier.cjs
  checksum: e10b9af02b281f6c617362ebd2571b1d7fc9fb8a3bd17e371754428cda992e5e8d8b7a046e8f7d3e2da1dcd21aa001e2e3c797402ebb6111b5cd19609dd228e0
  languageName: node
  linkType: hard

"ps-tree@npm:^1.2.0":
  version: 1.2.0
  resolution: "ps-tree@npm:1.2.0"
  dependencies:
    event-stream: =3.3.4
  bin:
    ps-tree: ./bin/ps-tree.js
  checksum: e635dd00f53d30d31696cf5f95b3a8dbdf9b1aeb36d4391578ce8e8cd22949b7c5536c73b0dc18c78615ea3ddd4be96101166be59ca2e3e3cb1e2f79ba3c7f98
  languageName: node
  linkType: hard

"queue-microtask@npm:^1.2.2":
  version: 1.2.3
  resolution: "queue-microtask@npm:1.2.3"
  checksum: b676f8c040cdc5b12723ad2f91414d267605b26419d5c821ff03befa817ddd10e238d22b25d604920340fd73efd8ba795465a0377c4adf45a4a41e4234e42dc4
  languageName: node
  linkType: hard

"reusify@npm:^1.0.4":
  version: 1.0.4
  resolution: "reusify@npm:1.0.4"
  checksum: c3076ebcc22a6bc252cb0b9c77561795256c22b757f40c0d8110b1300723f15ec0fc8685e8d4ea6d7666f36c79ccc793b1939c748bf36f18f542744a4e379fcc
  languageName: node
  linkType: hard

"run-parallel@npm:^1.1.9":
  version: 1.2.0
  resolution: "run-parallel@npm:1.2.0"
  dependencies:
    queue-microtask: ^1.2.2
  checksum: cb4f97ad25a75ebc11a8ef4e33bb962f8af8516bb2001082ceabd8902e15b98f4b84b4f8a9b222e5d57fc3bd1379c483886ed4619367a7680dad65316993021d
  languageName: node
  linkType: hard

"shebang-command@npm:^2.0.0":
  version: 2.0.0
  resolution: "shebang-command@npm:2.0.0"
  dependencies:
    shebang-regex: ^3.0.0
  checksum: 6b52fe87271c12968f6a054e60f6bde5f0f3d2db483a1e5c3e12d657c488a15474121a1d55cd958f6df026a54374ec38a4a963988c213b7570e1d51575cea7fa
  languageName: node
  linkType: hard

"shebang-regex@npm:^3.0.0":
  version: 3.0.0
  resolution: "shebang-regex@npm:3.0.0"
  checksum: 1a2bcae50de99034fcd92ad4212d8e01eedf52c7ec7830eedcf886622804fe36884278f2be8be0ea5fde3fd1c23911643a4e0f726c8685b61871c8908af01222
  languageName: node
  linkType: hard

"slash@npm:^4.0.0":
  version: 4.0.0
  resolution: "slash@npm:4.0.0"
  checksum: da8e4af73712253acd21b7853b7e0dbba776b786e82b010a5bfc8b5051a1db38ed8aba8e1e8f400dd2c9f373be91eb1c42b66e91abb407ff42b10feece5e1d2d
  languageName: node
  linkType: hard

"split@npm:0.3":
  version: 0.3.3
  resolution: "split@npm:0.3.3"
  dependencies:
    through: 2
  checksum: 2e076634c9637cfdc54ab4387b6a243b8c33b360874a25adf6f327a5647f07cb3bf1c755d515248eb3afee4e382278d01f62c62d87263c118f28065b86f74f02
  languageName: node
  linkType: hard

"stream-combiner@npm:~0.0.4":
  version: 0.0.4
  resolution: "stream-combiner@npm:0.0.4"
  dependencies:
    duplexer: ~0.1.1
  checksum: 844b622cfe8b9de45a6007404f613b60aaf85200ab9862299066204242f89a7c8033b1c356c998aa6cfc630f6cd9eba119ec1c6dc1f93e245982be4a847aee7d
  languageName: node
  linkType: hard

"swc-info@workspace:swc-info":
  version: 0.0.0-use.local
  resolution: "swc-info@workspace:swc-info"
  dependencies:
    typescript: ^5.2.2
  bin:
    swc-info: bin/swc-info.js
  languageName: unknown
  linkType: soft

"through@npm:2, through@npm:~2.3, through@npm:~2.3.1":
  version: 2.3.8
  resolution: "through@npm:2.3.8"
  checksum: a38c3e059853c494af95d50c072b83f8b676a9ba2818dcc5b108ef252230735c54e0185437618596c790bbba8fcdaef5b290405981ffa09dce67b1f1bf190cbd
  languageName: node
  linkType: hard

"to-regex-range@npm:^5.0.1":
  version: 5.0.1
  resolution: "to-regex-range@npm:5.0.1"
  dependencies:
    is-number: ^7.0.0
  checksum: f76fa01b3d5be85db6a2a143e24df9f60dd047d151062d0ba3df62953f2f697b16fe5dad9b0ac6191c7efc7b1d9dcaa4b768174b7b29da89d4428e64bc0a20ed
  languageName: node
  linkType: hard

"tslib@npm:^2.4.0":
  version: 2.6.1
  resolution: "tslib@npm:2.6.1"
  checksum: b0d176d176487905b66ae4d5856647df50e37beea7571c53b8d10ba9222c074b81f1410fb91da13debaf2cbc970663609068bdebafa844ea9d69b146527c38fe
  languageName: node
  linkType: hard

"typescript@npm:^5.2.2":
  version: 5.2.2
  resolution: "typescript@npm:5.2.2"
  bin:
    tsc: bin/tsc
    tsserver: bin/tsserver
  checksum: 7912821dac4d962d315c36800fe387cdc0a6298dba7ec171b350b4a6e988b51d7b8f051317786db1094bd7431d526b648aba7da8236607febb26cf5b871d2d3c
  languageName: node
  linkType: hard

"typescript@patch:typescript@^5.2.2#~builtin<compat/typescript>":
  version: 5.2.2
  resolution: "typescript@patch:typescript@npm%3A5.2.2#~builtin<compat/typescript>::version=5.2.2&hash=85af82"
  bin:
    tsc: bin/tsc
    tsserver: bin/tsserver
  checksum: 07106822b4305de3f22835cbba949a2b35451cad50888759b6818421290ff95d522b38ef7919e70fb381c5fe9c1c643d7dea22c8b31652a717ddbd57b7f4d554
  languageName: node
  linkType: hard

"universalify@npm:^2.0.0":
  version: 2.0.0
  resolution: "universalify@npm:2.0.0"
  checksum: 2406a4edf4a8830aa6813278bab1f953a8e40f2f63a37873ffa9a3bc8f9745d06cc8e88f3572cb899b7e509013f7f6fcc3e37e8a6d914167a5381d8440518c44
  languageName: node
  linkType: hard

"web-streams-polyfill@npm:^3.0.3":
  version: 3.2.1
  resolution: "web-streams-polyfill@npm:3.2.1"
  checksum: b119c78574b6d65935e35098c2afdcd752b84268e18746606af149e3c424e15621b6f1ff0b42b2676dc012fc4f0d313f964b41a4b5031e525faa03997457da02
  languageName: node
  linkType: hard

"webpod@npm:^0":
  version: 0.0.2
  resolution: "webpod@npm:0.0.2"
  bin:
    webpod: dist/index.js
  checksum: 3c6f7376cf06804a0b68adec3c33d1aceb9a1d13854beac542b95dcdb6f6cee34cd05fbd2228e01b67c2ce48673650296976dd694bd8d0ff10920a32dbe2e30a
  languageName: node
  linkType: hard

"which@npm:^2.0.1":
  version: 2.0.2
  resolution: "which@npm:2.0.2"
  dependencies:
    isexe: ^2.0.0
  bin:
    node-which: ./bin/node-which
  checksum: 1a5c563d3c1b52d5f893c8b61afe11abc3bab4afac492e8da5bde69d550de701cf9806235f20a47b5c8fa8a1d6a9135841de2596535e998027a54589000e66d1
  languageName: node
  linkType: hard

"which@npm:^3.0.0":
  version: 3.0.1
  resolution: "which@npm:3.0.1"
  dependencies:
    isexe: ^2.0.0
  bin:
    node-which: bin/which.js
  checksum: adf720fe9d84be2d9190458194f814b5e9015ae4b88711b150f30d0f4d0b646544794b86f02c7ebeec1db2029bc3e83a7ff156f542d7521447e5496543e26890
  languageName: node
  linkType: hard

"yaml@npm:^2.2.2":
  version: 2.3.1
  resolution: "yaml@npm:2.3.1"
  checksum: 2c7bc9a7cd4c9f40d3b0b0a98e370781b68b8b7c4515720869aced2b00d92f5da1762b4ffa947f9e795d6cd6b19f410bd4d15fdd38aca7bd96df59bd9486fb54
  languageName: node
  linkType: hard

"yauzl@npm:=2.10.0":
  version: 2.10.0
  resolution: "yauzl@npm:2.10.0"
  dependencies:
    buffer-crc32: ~0.2.3
    fd-slicer: ~1.1.0
  checksum: 7f21fe0bbad6e2cb130044a5d1d0d5a0e5bf3d8d4f8c4e6ee12163ce798fee3de7388d22a7a0907f563ac5f9d40f8699a223d3d5c1718da90b0156da6904022b
  languageName: node
  linkType: hard

"zx@npm:^7.2.1":
  version: 7.2.3
  resolution: "zx@npm:7.2.3"
  dependencies:
    "@types/fs-extra": ^11.0.1
    "@types/minimist": ^1.2.2
    "@types/node": ^18.16.3
    "@types/ps-tree": ^1.1.2
    "@types/which": ^3.0.0
    chalk: ^5.2.0
    fs-extra: ^11.1.1
    fx: "*"
    globby: ^13.1.4
    minimist: ^1.2.8
    node-fetch: 3.3.1
    ps-tree: ^1.2.0
    webpod: ^0
    which: ^3.0.0
    yaml: ^2.2.2
  bin:
    zx: build/cli.js
  checksum: 33b05e26ec3a429de6ff8db759d7b7857b947f4845025416db410bedaa8e613608a6d1916f257e129625d0192b6ba43e482356c6844ff90d15b0fd06dd9b98d2
  languageName: node
  linkType: hard
